
Microsoft Visual Studio Solution File, Format Version 12.00
# Visual Studio Version 17
VisualStudioVersion = 17.0.31903.59
MinimumVisualStudioVersion = 10.0.40219.1
Project("{2150E333-8FDC-42A3-9474-1A3956D46DE8}") = "src", "src", "{9E803E63-67E3-4900-AB55-759E0FB66D20}"
EndProject
Project("{FAE04EC0-301F-11D3-BF4B-00C04F79EFBC}") = "Atomy.Agent", "src\Agent\Atomy.Agent.csproj", "{FF6E85B7-E0A3-438F-BA8D-47C0B88B8C07}"
EndProject
Project("{FAE04EC0-301F-11D3-BF4B-00C04F79EFBC}") = "Atomy.Registry", "src\Registry\Atomy.Registry.csproj", "{4D05A562-E1AF-4B45-B35B-492ABF9808D3}"
EndProject
Project("{FAE04EC0-301F-11D3-BF4B-00C04F79EFBC}") = "Atomy.Web", "src\Web\Atomy.Web.csproj", "{91BFA49C-70EB-4CE4-BCE0-36D281C9D54D}"
EndProject
Project("{2150E333-8FDC-42A3-9474-1A3956D46DE8}") = "SDK", "SDK", "{DD5A2E90-A2E8-4037-B7BD-2979A53FC354}"
EndProject
Project("{FAE04EC0-301F-11D3-BF4B-00C04F79EFBC}") = "Atomy.SDK", "src\SDK\src\Atomy.SDK.csproj", "{98DAB363-F576-4186-BC51-0CA1C05109B2}"
EndProject
Project("{2150E333-8FDC-42A3-9474-1A3956D46DE8}") = "tests", "tests", "{BE2EA3AA-F48A-41BA-8389-5ABA6E934D00}"
EndProject
Project("{FAE04EC0-301F-11D3-BF4B-00C04F79EFBC}") = "Atomy.Agent.Tests", "tests\Agent\Atomy.Agent.Tests.csproj", "{EAF49714-DC6E-463E-A8F2-1A0BD0DB828F}"
EndProject
Project("{FAE04EC0-301F-11D3-BF4B-00C04F79EFBC}") = "Atomy.Registry.Tests", "tests\Registry\Atomy.Registry.Tests.csproj", "{F69C1508-1BD5-4165-B34E-8546D9A3D42E}"
EndProject
Project("{2150E333-8FDC-42A3-9474-1A3956D46DE8}") = "Plugins", "Plugins", "{2EB58A8D-7B3D-4310-A101-FB023071CD19}"
EndProject
Project("{FAE04EC0-301F-11D3-BF4B-00C04F79EFBC}") = "Atomy.Plugins.Base", "src\Plugins\Base\Atomy.Plugins.Base.csproj", "{A77939DA-821E-41B6-B6D8-CE3BEB0F68FA}"
EndProject
Global
	GlobalSection(SolutionConfigurationPlatforms) = preSolution
		Debug|Any CPU = Debug|Any CPU
		Release|Any CPU = Release|Any CPU
	EndGlobalSection
	GlobalSection(SolutionProperties) = preSolution
		HideSolutionNode = FALSE
	EndGlobalSection
	GlobalSection(ProjectConfigurationPlatforms) = postSolution
		{FF6E85B7-E0A3-438F-BA8D-47C0B88B8C07}.Debug|Any CPU.ActiveCfg = Debug|Any CPU
		{FF6E85B7-E0A3-438F-BA8D-47C0B88B8C07}.Debug|Any CPU.Build.0 = Debug|Any CPU
		{FF6E85B7-E0A3-438F-BA8D-47C0B88B8C07}.Release|Any CPU.ActiveCfg = Release|Any CPU
		{FF6E85B7-E0A3-438F-BA8D-47C0B88B8C07}.Release|Any CPU.Build.0 = Release|Any CPU
		{4D05A562-E1AF-4B45-B35B-492ABF9808D3}.Debug|Any CPU.ActiveCfg = Debug|Any CPU
		{4D05A562-E1AF-4B45-B35B-492ABF9808D3}.Debug|Any CPU.Build.0 = Debug|Any CPU
		{4D05A562-E1AF-4B45-B35B-492ABF9808D3}.Release|Any CPU.ActiveCfg = Release|Any CPU
		{4D05A562-E1AF-4B45-B35B-492ABF9808D3}.Release|Any CPU.Build.0 = Release|Any CPU
		{91BFA49C-70EB-4CE4-BCE0-36D281C9D54D}.Debug|Any CPU.ActiveCfg = Debug|Any CPU
		{91BFA49C-70EB-4CE4-BCE0-36D281C9D54D}.Debug|Any CPU.Build.0 = Debug|Any CPU
		{91BFA49C-70EB-4CE4-BCE0-36D281C9D54D}.Release|Any CPU.ActiveCfg = Release|Any CPU
		{91BFA49C-70EB-4CE4-BCE0-36D281C9D54D}.Release|Any CPU.Build.0 = Release|Any CPU
		{98DAB363-F576-4186-BC51-0CA1C05109B2}.Debug|Any CPU.ActiveCfg = Debug|Any CPU
		{98DAB363-F576-4186-BC51-0CA1C05109B2}.Debug|Any CPU.Build.0 = Debug|Any CPU
		{98DAB363-F576-4186-BC51-0CA1C05109B2}.Release|Any CPU.ActiveCfg = Release|Any CPU
		{98DAB363-F576-4186-BC51-0CA1C05109B2}.Release|Any CPU.Build.0 = Release|Any CPU
		{EAF49714-DC6E-463E-A8F2-1A0BD0DB828F}.Debug|Any CPU.ActiveCfg = Debug|Any CPU
		{EAF49714-DC6E-463E-A8F2-1A0BD0DB828F}.Debug|Any CPU.Build.0 = Debug|Any CPU
		{EAF49714-DC6E-463E-A8F2-1A0BD0DB828F}.Release|Any CPU.ActiveCfg = Release|Any CPU
		{EAF49714-DC6E-463E-A8F2-1A0BD0DB828F}.Release|Any CPU.Build.0 = Release|Any CPU
		{F69C1508-1BD5-4165-B34E-8546D9A3D42E}.Debug|Any CPU.ActiveCfg = Debug|Any CPU
		{F69C1508-1BD5-4165-B34E-8546D9A3D42E}.Debug|Any CPU.Build.0 = Debug|Any CPU
		{F69C1508-1BD5-4165-B34E-8546D9A3D42E}.Release|Any CPU.ActiveCfg = Release|Any CPU
		{F69C1508-1BD5-4165-B34E-8546D9A3D42E}.Release|Any CPU.Build.0 = Release|Any CPU
		{A77939DA-821E-41B6-B6D8-CE3BEB0F68FA}.Debug|Any CPU.ActiveCfg = Debug|Any CPU
		{A77939DA-821E-41B6-B6D8-CE3BEB0F68FA}.Debug|Any CPU.Build.0 = Debug|Any CPU
		{A77939DA-821E-41B6-B6D8-CE3BEB0F68FA}.Release|Any CPU.ActiveCfg = Release|Any CPU
		{A77939DA-821E-41B6-B6D8-CE3BEB0F68FA}.Release|Any CPU.Build.0 = Release|Any CPU
	EndGlobalSection
	GlobalSection(NestedProjects) = preSolution
		{FF6E85B7-E0A3-438F-BA8D-47C0B88B8C07} = {9E803E63-67E3-4900-AB55-759E0FB66D20}
		{4D05A562-E1AF-4B45-B35B-492ABF9808D3} = {9E803E63-67E3-4900-AB55-759E0FB66D20}
		{91BFA49C-70EB-4CE4-BCE0-36D281C9D54D} = {9E803E63-67E3-4900-AB55-759E0FB66D20}
		{DD5A2E90-A2E8-4037-B7BD-2979A53FC354} = {9E803E63-67E3-4900-AB55-759E0FB66D20}
		{98DAB363-F576-4186-BC51-0CA1C05109B2} = {DD5A2E90-A2E8-4037-B7BD-2979A53FC354}
		{EAF49714-DC6E-463E-A8F2-1A0BD0DB828F} = {BE2EA3AA-F48A-41BA-8389-5ABA6E934D00}
		{F69C1508-1BD5-4165-B34E-8546D9A3D42E} = {BE2EA3AA-F48A-41BA-8389-5ABA6E934D00}
		{2EB58A8D-7B3D-4310-A101-FB023071CD19} = {9E803E63-67E3-4900-AB55-759E0FB66D20}
		{A77939DA-821E-41B6-B6D8-CE3BEB0F68FA} = {2EB58A8D-7B3D-4310-A101-FB023071CD19}
	EndGlobalSection
EndGlobal
