
Microsoft Visual Studio Solution File, Format Version 12.00
# Visual Studio Version 17
VisualStudioVersion = 17.0.31903.59
MinimumVisualStudioVersion = 10.0.40219.1
Project("{2150E333-8FDC-42A3-9474-1A3956D46DE8}") = "src", "src", "{9E803E63-67E3-4900-AB55-759E0FB66D20}"
EndProject
Project("{FAE04EC0-301F-11D3-BF4B-00C04F79EFBC}") = "AyBorg.Agent", "src\Agent\AyBorg.Agent.csproj", "{FF6E85B7-E0A3-438F-BA8D-47C0B88B8C07}"
EndProject
Project("{FAE04EC0-301F-11D3-BF4B-00C04F79EFBC}") = "AyBorg.Gateway", "src\Gateway\AyBorg.Gateway.csproj", "{4D05A562-E1AF-4B45-B35B-492ABF9808D3}"
EndProject
Project("{FAE04EC0-301F-11D3-BF4B-00C04F79EFBC}") = "AyBorg.Web", "src\Web\AyBorg.Web.csproj", "{91BFA49C-70EB-4CE4-BCE0-36D281C9D54D}"
EndProject
Project("{2150E333-8FDC-42A3-9474-1A3956D46DE8}") = "tests", "tests", "{BE2EA3AA-F48A-41BA-8389-5ABA6E934D00}"
EndProject
Project("{FAE04EC0-301F-11D3-BF4B-00C04F79EFBC}") = "AyBorg.Agent.Tests", "tests\Agent\AyBorg.Agent.Tests.csproj", "{EAF49714-DC6E-463E-A8F2-1A0BD0DB828F}"
EndProject
Project("{FAE04EC0-301F-11D3-BF4B-00C04F79EFBC}") = "AyBorg.Gateway.Tests", "tests\Gateway\AyBorg.Gateway.Tests.csproj", "{F69C1508-1BD5-4165-B34E-8546D9A3D42E}"
EndProject
Project("{2150E333-8FDC-42A3-9474-1A3956D46DE8}") = "Plugins", "Plugins", "{2EB58A8D-7B3D-4310-A101-FB023071CD19}"
EndProject
Project("{FAE04EC0-301F-11D3-BF4B-00C04F79EFBC}") = "AyBorg.Plugins.Base", "src\Plugins\Base\AyBorg.Plugins.Base.csproj", "{A77939DA-821E-41B6-B6D8-CE3BEB0F68FA}"
EndProject
Project("{2150E333-8FDC-42A3-9474-1A3956D46DE8}") = "SDK", "SDK", "{D5C4C86C-E055-4DF5-A403-4A48A38BEA3A}"
EndProject
Project("{2150E333-8FDC-42A3-9474-1A3956D46DE8}") = "src", "src", "{4434ADDA-F46E-4710-B8DF-E3AE0AA0DAA5}"
EndProject
Project("{FAE04EC0-301F-11D3-BF4B-00C04F79EFBC}") = "AyBorg.SDK.Authorization", "src\SDK\src\Authorization\AyBorg.SDK.Authorization.csproj", "{1304316B-C0E5-404E-A283-2F04061EB840}"
EndProject
Project("{FAE04EC0-301F-11D3-BF4B-00C04F79EFBC}") = "AyBorg.SDK.Common", "src\SDK\src\Common\AyBorg.SDK.Common.csproj", "{15E0C475-747B-48F7-8EEB-5F0B19226E86}"
EndProject
Project("{2150E333-8FDC-42A3-9474-1A3956D46DE8}") = "Communication", "Communication", "{2393017D-CB62-4229-856C-B1A528335E09}"
EndProject
Project("{FAE04EC0-301F-11D3-BF4B-00C04F79EFBC}") = "AyBorg.SDK.Communication.MQTT", "src\SDK\src\Communication\MQTT\AyBorg.SDK.Communication.MQTT.csproj", "{20BFB2F9-7250-47CE-92F5-7060EA8D136C}"
EndProject
Project("{FAE04EC0-301F-11D3-BF4B-00C04F79EFBC}") = "AyBorg.SDK.Projects", "src\SDK\src\Projects\AyBorg.SDK.Projects.csproj", "{A8A807D8-835D-4D19-8B15-9102580D1832}"
EndProject
Project("{FAE04EC0-301F-11D3-BF4B-00C04F79EFBC}") = "AyBorg.SDK.System", "src\SDK\src\System\AyBorg.SDK.System.csproj", "{34439FE1-4088-4D8B-8521-389DADD66432}"
EndProject
Project("{FAE04EC0-301F-11D3-BF4B-00C04F79EFBC}") = "AyBorg.Web.Tests", "tests\Web\AyBorg.Web.Tests.csproj", "{66445B2E-EAC4-4D1F-A0A5-C7B3EF0139AA}"
EndProject
Project("{2150E333-8FDC-42A3-9474-1A3956D46DE8}") = "Plugins", "Plugins", "{BF67F302-AFE8-4C08-874C-A1293F4C4DC5}"
EndProject
Project("{FAE04EC0-301F-11D3-BF4B-00C04F79EFBC}") = "AyBorg.Plugins.Base.Tests", "tests\Plugins\Base\AyBorg.Plugins.Base.Tests.csproj", "{70BE5D0C-3DF3-4166-B022-ABC50B12FBD6}"
EndProject
Project("{FAE04EC0-301F-11D3-BF4B-00C04F79EFBC}") = "AyBorg.Plugins.ZXing", "src\Plugins\ZXing\AyBorg.Plugins.ZXing.csproj", "{910EB7BF-3059-4362-A1AA-ABCC03172274}"
EndProject
Project("{FAE04EC0-301F-11D3-BF4B-00C04F79EFBC}") = "AyBorg.Plugins.ZXing.Tests", "tests\Plugins\ZXing\AyBorg.Plugins.ZXing.Tests.csproj", "{29BA1ED4-9D75-444E-894A-92F51D54C724}"
EndProject
Project("{FAE04EC0-301F-11D3-BF4B-00C04F79EFBC}") = "AyBorg.SDK.Communication.gRPC", "src\SDK\src\Communication\gRPC\AyBorg.SDK.Communication.gRPC.csproj", "{42522834-E267-4F94-8C97-F21A952C8797}"
EndProject
Project("{FAE04EC0-301F-11D3-BF4B-00C04F79EFBC}") = "AyBorg.Plugins.ImageTorque", "src\Plugins\ImageTorque\AyBorg.Plugins.ImageTorque.csproj", "{E9B97E39-85FD-4B24-AC20-53AF99642CC0}"
EndProject
Project("{FAE04EC0-301F-11D3-BF4B-00C04F79EFBC}") = "AyBorg.Plugins.MQTT", "src\Plugins\MQTT\AyBorg.Plugins.MQTT.csproj", "{E6DAF291-BB61-40AE-8CD1-811A6BF9CE4C}"
EndProject
Project("{FAE04EC0-301F-11D3-BF4B-00C04F79EFBC}") = "AyBorg.Plugins.ImageTorque.Tests", "tests\Plugins\ImageTorque\AyBorg.Plugins.ImageTorque.Tests.csproj", "{52FAA3CB-455C-421C-AD32-D5F93638B28D}"
EndProject
Project("{FAE04EC0-301F-11D3-BF4B-00C04F79EFBC}") = "AyBorg.Plugins.MQTT.Tests", "tests\Plugins\MQTT\AyBorg.Plugins.MQTT.Tests.csproj", "{FBDB923F-92F6-4890-AB2F-86AE0FB8BBA2}"
EndProject
Project("{FAE04EC0-301F-11D3-BF4B-00C04F79EFBC}") = "AyBorg.Analytics", "src\Analytics\AyBorg.Analytics.csproj", "{81BD828B-CAFB-4D91-8D11-69D1113B591F}"
EndProject
Project("{2150E333-8FDC-42A3-9474-1A3956D46DE8}") = "Data", "Data", "{9F0384A9-739F-4DED-815E-1516127E04C1}"
EndProject
Project("{FAE04EC0-301F-11D3-BF4B-00C04F79EFBC}") = "AyBorg.Data.Gateway", "src\Data\Gateway\AyBorg.Data.Gateway.csproj", "{571E37EC-BFCF-4360-B37D-189371B59C6B}"
EndProject
Project("{FAE04EC0-301F-11D3-BF4B-00C04F79EFBC}") = "AyBorg.Data.Agent", "src\Data\Agent\AyBorg.Data.Agent.csproj", "{556627C2-972E-4895-8593-EBB8DBBAEDE0}"
EndProject
Project("{2150E333-8FDC-42A3-9474-1A3956D46DE8}") = "Data", "Data", "{61B6B68A-0256-4BE4-9EFA-54352C4D7628}"
EndProject
Project("{FAE04EC0-301F-11D3-BF4B-00C04F79EFBC}") = "AyBorg.Data.Agent.Tests", "tests\Data\Agent\AyBorg.Data.Agent.Tests.csproj", "{62BCF92D-46CA-4F2E-82A4-B159F91392B9}"
EndProject
Project("{FAE04EC0-301F-11D3-BF4B-00C04F79EFBC}") = "AyBorg.Data.Identity", "src\Data\Identity\AyBorg.Data.Identity.csproj", "{635B411D-2385-419F-96B6-F16B21EEA15B}"
EndProject
Project("{2150E333-8FDC-42A3-9474-1A3956D46DE8}") = "Migrations", "Migrations", "{911EF679-8365-4D07-9F4B-BABC2E55FB6A}"
EndProject
Project("{2150E333-8FDC-42A3-9474-1A3956D46DE8}") = "Identity", "Identity", "{A8FF64D8-CC31-400A-A1DD-FE84DE65F971}"
EndProject
Project("{2150E333-8FDC-42A3-9474-1A3956D46DE8}") = "Agent", "Agent", "{1C11587E-9664-4F6B-A10D-8EEA5E8D8F6F}"
EndProject
Project("{FAE04EC0-301F-11D3-BF4B-00C04F79EFBC}") = "AyBorg.Data.Agent.Migrations.PostgreSql", "src\Data\Migrations\Agent\PostgreSql\AyBorg.Data.Agent.Migrations.PostgreSql.csproj", "{9FA46BF4-B874-45E6-A301-91FCEE713AF7}"
EndProject
Project("{FAE04EC0-301F-11D3-BF4B-00C04F79EFBC}") = "AyBorg.Data.Agent.Migrations.SqlLite", "src\Data\Migrations\Agent\SqlLite\AyBorg.Data.Agent.Migrations.SqlLite.csproj", "{29480519-FCCD-44F4-B641-D190785E76CF}"
EndProject
Project("{2150E333-8FDC-42A3-9474-1A3956D46DE8}") = "Gateway", "Gateway", "{44E00003-A35A-4FCF-BB61-ADE18676E4DF}"
EndProject
Project("{FAE04EC0-301F-11D3-BF4B-00C04F79EFBC}") = "AyBorg.Data.Gateway.Migrations.PostgreSql", "src\Data\Migrations\Gateway\PostgreSql\AyBorg.Data.Gateway.Migrations.PostgreSql.csproj", "{5C06D903-2FB7-4781-A876-8BDA246BDC19}"
EndProject
Project("{FAE04EC0-301F-11D3-BF4B-00C04F79EFBC}") = "AyBorg.Data.Gateway.Migrations.SqlLite", "src\Data\Migrations\Gateway\SqlLite\AyBorg.Data.Gateway.Migrations.SqlLite.csproj", "{6E229D44-436A-4C6E-8C1A-9C027BF4B944}"
EndProject
Project("{FAE04EC0-301F-11D3-BF4B-00C04F79EFBC}") = "AyBorg.Data.Identity.Migrations.PostgreSql", "src\Data\Migrations\Identity\PostgreSql\AyBorg.Data.Identity.Migrations.PostgreSql.csproj", "{7B03831C-0D9E-4C8B-B414-7DB5241663E6}"
EndProject
Project("{FAE04EC0-301F-11D3-BF4B-00C04F79EFBC}") = "AyBorg.Data.Identity.Migrations.SqlLite", "src\Data\Migrations\Identity\SqlLite\AyBorg.Data.Identity.Migrations.SqlLite.csproj", "{97F35679-B026-47F2-91FF-509781E3FF1E}"
EndProject
Project("{2150E333-8FDC-42A3-9474-1A3956D46DE8}") = "Logging", "Logging", "{8A893DBA-A6E3-4E63-9D60-ACE664E7E874}"
EndProject
Project("{FAE04EC0-301F-11D3-BF4B-00C04F79EFBC}") = "AyBorg.SDK.Logging.Analytics", "src\SDK\src\Logging\Analytics\AyBorg.SDK.Logging.Analytics.csproj", "{96592AAF-5F33-4C22-B45D-2027D2CD0880}"
EndProject
Global
	GlobalSection(SolutionConfigurationPlatforms) = preSolution
		Debug|Any CPU = Debug|Any CPU
		Release|Any CPU = Release|Any CPU
	EndGlobalSection
	GlobalSection(SolutionProperties) = preSolution
		HideSolutionNode = FALSE
	EndGlobalSection
	GlobalSection(ProjectConfigurationPlatforms) = postSolution
		{FF6E85B7-E0A3-438F-BA8D-47C0B88B8C07}.Debug|Any CPU.ActiveCfg = Debug|Any CPU
		{FF6E85B7-E0A3-438F-BA8D-47C0B88B8C07}.Debug|Any CPU.Build.0 = Debug|Any CPU
		{FF6E85B7-E0A3-438F-BA8D-47C0B88B8C07}.Release|Any CPU.ActiveCfg = Release|Any CPU
		{FF6E85B7-E0A3-438F-BA8D-47C0B88B8C07}.Release|Any CPU.Build.0 = Release|Any CPU
		{4D05A562-E1AF-4B45-B35B-492ABF9808D3}.Debug|Any CPU.ActiveCfg = Debug|Any CPU
		{4D05A562-E1AF-4B45-B35B-492ABF9808D3}.Debug|Any CPU.Build.0 = Debug|Any CPU
		{4D05A562-E1AF-4B45-B35B-492ABF9808D3}.Release|Any CPU.ActiveCfg = Release|Any CPU
		{4D05A562-E1AF-4B45-B35B-492ABF9808D3}.Release|Any CPU.Build.0 = Release|Any CPU
		{91BFA49C-70EB-4CE4-BCE0-36D281C9D54D}.Debug|Any CPU.ActiveCfg = Debug|Any CPU
		{91BFA49C-70EB-4CE4-BCE0-36D281C9D54D}.Debug|Any CPU.Build.0 = Debug|Any CPU
		{91BFA49C-70EB-4CE4-BCE0-36D281C9D54D}.Release|Any CPU.ActiveCfg = Release|Any CPU
		{91BFA49C-70EB-4CE4-BCE0-36D281C9D54D}.Release|Any CPU.Build.0 = Release|Any CPU
		{98DAB363-F576-4186-BC51-0CA1C05109B2}.Debug|Any CPU.ActiveCfg = Debug|Any CPU
		{98DAB363-F576-4186-BC51-0CA1C05109B2}.Debug|Any CPU.Build.0 = Debug|Any CPU
		{98DAB363-F576-4186-BC51-0CA1C05109B2}.Release|Any CPU.ActiveCfg = Release|Any CPU
		{98DAB363-F576-4186-BC51-0CA1C05109B2}.Release|Any CPU.Build.0 = Release|Any CPU
		{EAF49714-DC6E-463E-A8F2-1A0BD0DB828F}.Debug|Any CPU.ActiveCfg = Debug|Any CPU
		{EAF49714-DC6E-463E-A8F2-1A0BD0DB828F}.Debug|Any CPU.Build.0 = Debug|Any CPU
		{EAF49714-DC6E-463E-A8F2-1A0BD0DB828F}.Release|Any CPU.ActiveCfg = Release|Any CPU
		{EAF49714-DC6E-463E-A8F2-1A0BD0DB828F}.Release|Any CPU.Build.0 = Release|Any CPU
		{F69C1508-1BD5-4165-B34E-8546D9A3D42E}.Debug|Any CPU.ActiveCfg = Debug|Any CPU
		{F69C1508-1BD5-4165-B34E-8546D9A3D42E}.Debug|Any CPU.Build.0 = Debug|Any CPU
		{F69C1508-1BD5-4165-B34E-8546D9A3D42E}.Release|Any CPU.ActiveCfg = Release|Any CPU
		{F69C1508-1BD5-4165-B34E-8546D9A3D42E}.Release|Any CPU.Build.0 = Release|Any CPU
		{A77939DA-821E-41B6-B6D8-CE3BEB0F68FA}.Debug|Any CPU.ActiveCfg = Debug|Any CPU
		{A77939DA-821E-41B6-B6D8-CE3BEB0F68FA}.Debug|Any CPU.Build.0 = Debug|Any CPU
		{A77939DA-821E-41B6-B6D8-CE3BEB0F68FA}.Release|Any CPU.ActiveCfg = Release|Any CPU
		{A77939DA-821E-41B6-B6D8-CE3BEB0F68FA}.Release|Any CPU.Build.0 = Release|Any CPU
		{1304316B-C0E5-404E-A283-2F04061EB840}.Debug|Any CPU.ActiveCfg = Debug|Any CPU
		{1304316B-C0E5-404E-A283-2F04061EB840}.Debug|Any CPU.Build.0 = Debug|Any CPU
		{1304316B-C0E5-404E-A283-2F04061EB840}.Release|Any CPU.ActiveCfg = Release|Any CPU
		{1304316B-C0E5-404E-A283-2F04061EB840}.Release|Any CPU.Build.0 = Release|Any CPU
		{15E0C475-747B-48F7-8EEB-5F0B19226E86}.Debug|Any CPU.ActiveCfg = Debug|Any CPU
		{15E0C475-747B-48F7-8EEB-5F0B19226E86}.Debug|Any CPU.Build.0 = Debug|Any CPU
		{15E0C475-747B-48F7-8EEB-5F0B19226E86}.Release|Any CPU.ActiveCfg = Release|Any CPU
		{15E0C475-747B-48F7-8EEB-5F0B19226E86}.Release|Any CPU.Build.0 = Release|Any CPU
		{20BFB2F9-7250-47CE-92F5-7060EA8D136C}.Debug|Any CPU.ActiveCfg = Debug|Any CPU
		{20BFB2F9-7250-47CE-92F5-7060EA8D136C}.Debug|Any CPU.Build.0 = Debug|Any CPU
		{20BFB2F9-7250-47CE-92F5-7060EA8D136C}.Release|Any CPU.ActiveCfg = Release|Any CPU
		{20BFB2F9-7250-47CE-92F5-7060EA8D136C}.Release|Any CPU.Build.0 = Release|Any CPU
		{A8A807D8-835D-4D19-8B15-9102580D1832}.Debug|Any CPU.ActiveCfg = Debug|Any CPU
		{A8A807D8-835D-4D19-8B15-9102580D1832}.Debug|Any CPU.Build.0 = Debug|Any CPU
		{A8A807D8-835D-4D19-8B15-9102580D1832}.Release|Any CPU.ActiveCfg = Release|Any CPU
		{A8A807D8-835D-4D19-8B15-9102580D1832}.Release|Any CPU.Build.0 = Release|Any CPU
		{34439FE1-4088-4D8B-8521-389DADD66432}.Debug|Any CPU.ActiveCfg = Debug|Any CPU
		{34439FE1-4088-4D8B-8521-389DADD66432}.Debug|Any CPU.Build.0 = Debug|Any CPU
		{34439FE1-4088-4D8B-8521-389DADD66432}.Release|Any CPU.ActiveCfg = Release|Any CPU
		{34439FE1-4088-4D8B-8521-389DADD66432}.Release|Any CPU.Build.0 = Release|Any CPU
		{66445B2E-EAC4-4D1F-A0A5-C7B3EF0139AA}.Debug|Any CPU.ActiveCfg = Debug|Any CPU
		{66445B2E-EAC4-4D1F-A0A5-C7B3EF0139AA}.Debug|Any CPU.Build.0 = Debug|Any CPU
		{66445B2E-EAC4-4D1F-A0A5-C7B3EF0139AA}.Release|Any CPU.ActiveCfg = Release|Any CPU
		{66445B2E-EAC4-4D1F-A0A5-C7B3EF0139AA}.Release|Any CPU.Build.0 = Release|Any CPU
		{70BE5D0C-3DF3-4166-B022-ABC50B12FBD6}.Debug|Any CPU.ActiveCfg = Debug|Any CPU
		{70BE5D0C-3DF3-4166-B022-ABC50B12FBD6}.Debug|Any CPU.Build.0 = Debug|Any CPU
		{70BE5D0C-3DF3-4166-B022-ABC50B12FBD6}.Release|Any CPU.ActiveCfg = Release|Any CPU
		{70BE5D0C-3DF3-4166-B022-ABC50B12FBD6}.Release|Any CPU.Build.0 = Release|Any CPU
		{910EB7BF-3059-4362-A1AA-ABCC03172274}.Debug|Any CPU.ActiveCfg = Debug|Any CPU
		{910EB7BF-3059-4362-A1AA-ABCC03172274}.Debug|Any CPU.Build.0 = Debug|Any CPU
		{910EB7BF-3059-4362-A1AA-ABCC03172274}.Release|Any CPU.ActiveCfg = Release|Any CPU
		{910EB7BF-3059-4362-A1AA-ABCC03172274}.Release|Any CPU.Build.0 = Release|Any CPU
		{29BA1ED4-9D75-444E-894A-92F51D54C724}.Debug|Any CPU.ActiveCfg = Debug|Any CPU
		{29BA1ED4-9D75-444E-894A-92F51D54C724}.Debug|Any CPU.Build.0 = Debug|Any CPU
		{29BA1ED4-9D75-444E-894A-92F51D54C724}.Release|Any CPU.ActiveCfg = Release|Any CPU
		{29BA1ED4-9D75-444E-894A-92F51D54C724}.Release|Any CPU.Build.0 = Release|Any CPU
		{DD3ACEC2-3030-4484-9D16-F94D6E2D458D}.Debug|Any CPU.ActiveCfg = Debug|Any CPU
		{DD3ACEC2-3030-4484-9D16-F94D6E2D458D}.Debug|Any CPU.Build.0 = Debug|Any CPU
		{DD3ACEC2-3030-4484-9D16-F94D6E2D458D}.Release|Any CPU.ActiveCfg = Release|Any CPU
		{DD3ACEC2-3030-4484-9D16-F94D6E2D458D}.Release|Any CPU.Build.0 = Release|Any CPU
		{42522834-E267-4F94-8C97-F21A952C8797}.Debug|Any CPU.ActiveCfg = Debug|Any CPU
		{42522834-E267-4F94-8C97-F21A952C8797}.Debug|Any CPU.Build.0 = Debug|Any CPU
		{42522834-E267-4F94-8C97-F21A952C8797}.Release|Any CPU.ActiveCfg = Release|Any CPU
		{42522834-E267-4F94-8C97-F21A952C8797}.Release|Any CPU.Build.0 = Release|Any CPU
		{E9B97E39-85FD-4B24-AC20-53AF99642CC0}.Debug|Any CPU.ActiveCfg = Debug|Any CPU
		{E9B97E39-85FD-4B24-AC20-53AF99642CC0}.Debug|Any CPU.Build.0 = Debug|Any CPU
		{E9B97E39-85FD-4B24-AC20-53AF99642CC0}.Release|Any CPU.ActiveCfg = Release|Any CPU
		{E9B97E39-85FD-4B24-AC20-53AF99642CC0}.Release|Any CPU.Build.0 = Release|Any CPU
		{E6DAF291-BB61-40AE-8CD1-811A6BF9CE4C}.Debug|Any CPU.ActiveCfg = Debug|Any CPU
		{E6DAF291-BB61-40AE-8CD1-811A6BF9CE4C}.Debug|Any CPU.Build.0 = Debug|Any CPU
		{E6DAF291-BB61-40AE-8CD1-811A6BF9CE4C}.Release|Any CPU.ActiveCfg = Release|Any CPU
		{E6DAF291-BB61-40AE-8CD1-811A6BF9CE4C}.Release|Any CPU.Build.0 = Release|Any CPU
		{52FAA3CB-455C-421C-AD32-D5F93638B28D}.Debug|Any CPU.ActiveCfg = Debug|Any CPU
		{52FAA3CB-455C-421C-AD32-D5F93638B28D}.Debug|Any CPU.Build.0 = Debug|Any CPU
		{52FAA3CB-455C-421C-AD32-D5F93638B28D}.Release|Any CPU.ActiveCfg = Release|Any CPU
		{52FAA3CB-455C-421C-AD32-D5F93638B28D}.Release|Any CPU.Build.0 = Release|Any CPU
		{FBDB923F-92F6-4890-AB2F-86AE0FB8BBA2}.Debug|Any CPU.ActiveCfg = Debug|Any CPU
		{FBDB923F-92F6-4890-AB2F-86AE0FB8BBA2}.Debug|Any CPU.Build.0 = Debug|Any CPU
		{FBDB923F-92F6-4890-AB2F-86AE0FB8BBA2}.Release|Any CPU.ActiveCfg = Release|Any CPU
		{FBDB923F-92F6-4890-AB2F-86AE0FB8BBA2}.Release|Any CPU.Build.0 = Release|Any CPU
		{81BD828B-CAFB-4D91-8D11-69D1113B591F}.Debug|Any CPU.ActiveCfg = Debug|Any CPU
		{81BD828B-CAFB-4D91-8D11-69D1113B591F}.Debug|Any CPU.Build.0 = Debug|Any CPU
		{81BD828B-CAFB-4D91-8D11-69D1113B591F}.Release|Any CPU.ActiveCfg = Release|Any CPU
		{81BD828B-CAFB-4D91-8D11-69D1113B591F}.Release|Any CPU.Build.0 = Release|Any CPU
		{571E37EC-BFCF-4360-B37D-189371B59C6B}.Debug|Any CPU.ActiveCfg = Debug|Any CPU
		{571E37EC-BFCF-4360-B37D-189371B59C6B}.Debug|Any CPU.Build.0 = Debug|Any CPU
		{571E37EC-BFCF-4360-B37D-189371B59C6B}.Release|Any CPU.ActiveCfg = Release|Any CPU
		{571E37EC-BFCF-4360-B37D-189371B59C6B}.Release|Any CPU.Build.0 = Release|Any CPU
		{556627C2-972E-4895-8593-EBB8DBBAEDE0}.Debug|Any CPU.ActiveCfg = Debug|Any CPU
		{556627C2-972E-4895-8593-EBB8DBBAEDE0}.Debug|Any CPU.Build.0 = Debug|Any CPU
		{556627C2-972E-4895-8593-EBB8DBBAEDE0}.Release|Any CPU.ActiveCfg = Release|Any CPU
		{556627C2-972E-4895-8593-EBB8DBBAEDE0}.Release|Any CPU.Build.0 = Release|Any CPU
		{62BCF92D-46CA-4F2E-82A4-B159F91392B9}.Debug|Any CPU.ActiveCfg = Debug|Any CPU
		{62BCF92D-46CA-4F2E-82A4-B159F91392B9}.Debug|Any CPU.Build.0 = Debug|Any CPU
		{62BCF92D-46CA-4F2E-82A4-B159F91392B9}.Release|Any CPU.ActiveCfg = Release|Any CPU
		{62BCF92D-46CA-4F2E-82A4-B159F91392B9}.Release|Any CPU.Build.0 = Release|Any CPU
		{635B411D-2385-419F-96B6-F16B21EEA15B}.Debug|Any CPU.ActiveCfg = Debug|Any CPU
		{635B411D-2385-419F-96B6-F16B21EEA15B}.Debug|Any CPU.Build.0 = Debug|Any CPU
		{635B411D-2385-419F-96B6-F16B21EEA15B}.Release|Any CPU.ActiveCfg = Release|Any CPU
		{635B411D-2385-419F-96B6-F16B21EEA15B}.Release|Any CPU.Build.0 = Release|Any CPU
		{9FA46BF4-B874-45E6-A301-91FCEE713AF7}.Debug|Any CPU.ActiveCfg = Debug|Any CPU
		{9FA46BF4-B874-45E6-A301-91FCEE713AF7}.Debug|Any CPU.Build.0 = Debug|Any CPU
		{9FA46BF4-B874-45E6-A301-91FCEE713AF7}.Release|Any CPU.ActiveCfg = Release|Any CPU
		{9FA46BF4-B874-45E6-A301-91FCEE713AF7}.Release|Any CPU.Build.0 = Release|Any CPU
		{29480519-FCCD-44F4-B641-D190785E76CF}.Debug|Any CPU.ActiveCfg = Debug|Any CPU
		{29480519-FCCD-44F4-B641-D190785E76CF}.Debug|Any CPU.Build.0 = Debug|Any CPU
		{29480519-FCCD-44F4-B641-D190785E76CF}.Release|Any CPU.ActiveCfg = Release|Any CPU
		{29480519-FCCD-44F4-B641-D190785E76CF}.Release|Any CPU.Build.0 = Release|Any CPU
		{5C06D903-2FB7-4781-A876-8BDA246BDC19}.Debug|Any CPU.ActiveCfg = Debug|Any CPU
		{5C06D903-2FB7-4781-A876-8BDA246BDC19}.Debug|Any CPU.Build.0 = Debug|Any CPU
		{5C06D903-2FB7-4781-A876-8BDA246BDC19}.Release|Any CPU.ActiveCfg = Release|Any CPU
		{5C06D903-2FB7-4781-A876-8BDA246BDC19}.Release|Any CPU.Build.0 = Release|Any CPU
		{6E229D44-436A-4C6E-8C1A-9C027BF4B944}.Debug|Any CPU.ActiveCfg = Debug|Any CPU
		{6E229D44-436A-4C6E-8C1A-9C027BF4B944}.Debug|Any CPU.Build.0 = Debug|Any CPU
		{6E229D44-436A-4C6E-8C1A-9C027BF4B944}.Release|Any CPU.ActiveCfg = Release|Any CPU
		{6E229D44-436A-4C6E-8C1A-9C027BF4B944}.Release|Any CPU.Build.0 = Release|Any CPU
		{7B03831C-0D9E-4C8B-B414-7DB5241663E6}.Debug|Any CPU.ActiveCfg = Debug|Any CPU
		{7B03831C-0D9E-4C8B-B414-7DB5241663E6}.Debug|Any CPU.Build.0 = Debug|Any CPU
		{7B03831C-0D9E-4C8B-B414-7DB5241663E6}.Release|Any CPU.ActiveCfg = Release|Any CPU
		{7B03831C-0D9E-4C8B-B414-7DB5241663E6}.Release|Any CPU.Build.0 = Release|Any CPU
		{97F35679-B026-47F2-91FF-509781E3FF1E}.Debug|Any CPU.ActiveCfg = Debug|Any CPU
		{97F35679-B026-47F2-91FF-509781E3FF1E}.Debug|Any CPU.Build.0 = Debug|Any CPU
		{97F35679-B026-47F2-91FF-509781E3FF1E}.Release|Any CPU.ActiveCfg = Release|Any CPU
		{97F35679-B026-47F2-91FF-509781E3FF1E}.Release|Any CPU.Build.0 = Release|Any CPU
		{96592AAF-5F33-4C22-B45D-2027D2CD0880}.Debug|Any CPU.ActiveCfg = Debug|Any CPU
		{96592AAF-5F33-4C22-B45D-2027D2CD0880}.Debug|Any CPU.Build.0 = Debug|Any CPU
		{96592AAF-5F33-4C22-B45D-2027D2CD0880}.Release|Any CPU.ActiveCfg = Release|Any CPU
		{96592AAF-5F33-4C22-B45D-2027D2CD0880}.Release|Any CPU.Build.0 = Release|Any CPU
	EndGlobalSection
	GlobalSection(NestedProjects) = preSolution
		{FF6E85B7-E0A3-438F-BA8D-47C0B88B8C07} = {9E803E63-67E3-4900-AB55-759E0FB66D20}
		{4D05A562-E1AF-4B45-B35B-492ABF9808D3} = {9E803E63-67E3-4900-AB55-759E0FB66D20}
		{91BFA49C-70EB-4CE4-BCE0-36D281C9D54D} = {9E803E63-67E3-4900-AB55-759E0FB66D20}
		{EAF49714-DC6E-463E-A8F2-1A0BD0DB828F} = {BE2EA3AA-F48A-41BA-8389-5ABA6E934D00}
		{F69C1508-1BD5-4165-B34E-8546D9A3D42E} = {BE2EA3AA-F48A-41BA-8389-5ABA6E934D00}
		{2EB58A8D-7B3D-4310-A101-FB023071CD19} = {9E803E63-67E3-4900-AB55-759E0FB66D20}
		{A77939DA-821E-41B6-B6D8-CE3BEB0F68FA} = {2EB58A8D-7B3D-4310-A101-FB023071CD19}
		{D5C4C86C-E055-4DF5-A403-4A48A38BEA3A} = {9E803E63-67E3-4900-AB55-759E0FB66D20}
		{4434ADDA-F46E-4710-B8DF-E3AE0AA0DAA5} = {D5C4C86C-E055-4DF5-A403-4A48A38BEA3A}
		{1304316B-C0E5-404E-A283-2F04061EB840} = {4434ADDA-F46E-4710-B8DF-E3AE0AA0DAA5}
		{15E0C475-747B-48F7-8EEB-5F0B19226E86} = {4434ADDA-F46E-4710-B8DF-E3AE0AA0DAA5}
		{2393017D-CB62-4229-856C-B1A528335E09} = {4434ADDA-F46E-4710-B8DF-E3AE0AA0DAA5}
		{20BFB2F9-7250-47CE-92F5-7060EA8D136C} = {2393017D-CB62-4229-856C-B1A528335E09}
		{A8A807D8-835D-4D19-8B15-9102580D1832} = {4434ADDA-F46E-4710-B8DF-E3AE0AA0DAA5}
		{34439FE1-4088-4D8B-8521-389DADD66432} = {4434ADDA-F46E-4710-B8DF-E3AE0AA0DAA5}
		{66445B2E-EAC4-4D1F-A0A5-C7B3EF0139AA} = {BE2EA3AA-F48A-41BA-8389-5ABA6E934D00}
		{BF67F302-AFE8-4C08-874C-A1293F4C4DC5} = {BE2EA3AA-F48A-41BA-8389-5ABA6E934D00}
		{70BE5D0C-3DF3-4166-B022-ABC50B12FBD6} = {BF67F302-AFE8-4C08-874C-A1293F4C4DC5}
		{910EB7BF-3059-4362-A1AA-ABCC03172274} = {2EB58A8D-7B3D-4310-A101-FB023071CD19}
		{29BA1ED4-9D75-444E-894A-92F51D54C724} = {BF67F302-AFE8-4C08-874C-A1293F4C4DC5}
		{42522834-E267-4F94-8C97-F21A952C8797} = {2393017D-CB62-4229-856C-B1A528335E09}
		{E9B97E39-85FD-4B24-AC20-53AF99642CC0} = {2EB58A8D-7B3D-4310-A101-FB023071CD19}
		{E6DAF291-BB61-40AE-8CD1-811A6BF9CE4C} = {2EB58A8D-7B3D-4310-A101-FB023071CD19}
		{52FAA3CB-455C-421C-AD32-D5F93638B28D} = {BF67F302-AFE8-4C08-874C-A1293F4C4DC5}
		{FBDB923F-92F6-4890-AB2F-86AE0FB8BBA2} = {BF67F302-AFE8-4C08-874C-A1293F4C4DC5}
		{81BD828B-CAFB-4D91-8D11-69D1113B591F} = {9E803E63-67E3-4900-AB55-759E0FB66D20}
		{9F0384A9-739F-4DED-815E-1516127E04C1} = {9E803E63-67E3-4900-AB55-759E0FB66D20}
		{571E37EC-BFCF-4360-B37D-189371B59C6B} = {9F0384A9-739F-4DED-815E-1516127E04C1}
		{556627C2-972E-4895-8593-EBB8DBBAEDE0} = {9F0384A9-739F-4DED-815E-1516127E04C1}
		{61B6B68A-0256-4BE4-9EFA-54352C4D7628} = {BE2EA3AA-F48A-41BA-8389-5ABA6E934D00}
		{62BCF92D-46CA-4F2E-82A4-B159F91392B9} = {61B6B68A-0256-4BE4-9EFA-54352C4D7628}
		{635B411D-2385-419F-96B6-F16B21EEA15B} = {9F0384A9-739F-4DED-815E-1516127E04C1}
		{911EF679-8365-4D07-9F4B-BABC2E55FB6A} = {9F0384A9-739F-4DED-815E-1516127E04C1}
		{A8FF64D8-CC31-400A-A1DD-FE84DE65F971} = {911EF679-8365-4D07-9F4B-BABC2E55FB6A}
		{1C11587E-9664-4F6B-A10D-8EEA5E8D8F6F} = {911EF679-8365-4D07-9F4B-BABC2E55FB6A}
		{9FA46BF4-B874-45E6-A301-91FCEE713AF7} = {1C11587E-9664-4F6B-A10D-8EEA5E8D8F6F}
		{29480519-FCCD-44F4-B641-D190785E76CF} = {1C11587E-9664-4F6B-A10D-8EEA5E8D8F6F}
		{44E00003-A35A-4FCF-BB61-ADE18676E4DF} = {911EF679-8365-4D07-9F4B-BABC2E55FB6A}
		{5C06D903-2FB7-4781-A876-8BDA246BDC19} = {44E00003-A35A-4FCF-BB61-ADE18676E4DF}
		{6E229D44-436A-4C6E-8C1A-9C027BF4B944} = {44E00003-A35A-4FCF-BB61-ADE18676E4DF}
		{7B03831C-0D9E-4C8B-B414-7DB5241663E6} = {A8FF64D8-CC31-400A-A1DD-FE84DE65F971}
		{97F35679-B026-47F2-91FF-509781E3FF1E} = {A8FF64D8-CC31-400A-A1DD-FE84DE65F971}
		{8A893DBA-A6E3-4E63-9D60-ACE664E7E874} = {4434ADDA-F46E-4710-B8DF-E3AE0AA0DAA5}
		{96592AAF-5F33-4C22-B45D-2027D2CD0880} = {8A893DBA-A6E3-4E63-9D60-ACE664E7E874}
	EndGlobalSection
EndGlobal
