
Microsoft Visual Studio Solution File, Format Version 12.00
# Visual Studio Version 17
VisualStudioVersion = 17.0.31903.59
MinimumVisualStudioVersion = 10.0.40219.1
Project("{2150E333-8FDC-42A3-9474-1A3956D46DE8}") = "src", "src", "{9E803E63-67E3-4900-AB55-759E0FB66D20}"
EndProject
Project("{FAE04EC0-301F-11D3-BF4B-00C04F79EFBC}") = "AyBorg.Agent", "src\Agent\AyBorg.Agent.csproj", "{FF6E85B7-E0A3-438F-BA8D-47C0B88B8C07}"
EndProject
Project("{FAE04EC0-301F-11D3-BF4B-00C04F79EFBC}") = "AyBorg.Registry", "src\Registry\AyBorg.Registry.csproj", "{4D05A562-E1AF-4B45-B35B-492ABF9808D3}"
EndProject
Project("{FAE04EC0-301F-11D3-BF4B-00C04F79EFBC}") = "AyBorg.Web", "src\Web\AyBorg.Web.csproj", "{91BFA49C-70EB-4CE4-BCE0-36D281C9D54D}"
EndProject
Project("{2150E333-8FDC-42A3-9474-1A3956D46DE8}") = "tests", "tests", "{BE2EA3AA-F48A-41BA-8389-5ABA6E934D00}"
EndProject
Project("{FAE04EC0-301F-11D3-BF4B-00C04F79EFBC}") = "AyBorg.Agent.Tests", "tests\Agent\AyBorg.Agent.Tests.csproj", "{EAF49714-DC6E-463E-A8F2-1A0BD0DB828F}"
EndProject
Project("{FAE04EC0-301F-11D3-BF4B-00C04F79EFBC}") = "AyBorg.Registry.Tests", "tests\Registry\AyBorg.Registry.Tests.csproj", "{F69C1508-1BD5-4165-B34E-8546D9A3D42E}"
EndProject
Project("{2150E333-8FDC-42A3-9474-1A3956D46DE8}") = "Plugins", "Plugins", "{2EB58A8D-7B3D-4310-A101-FB023071CD19}"
EndProject
Project("{FAE04EC0-301F-11D3-BF4B-00C04F79EFBC}") = "AyBorg.Plugins.Base", "src\Plugins\Base\AyBorg.Plugins.Base.csproj", "{A77939DA-821E-41B6-B6D8-CE3BEB0F68FA}"
EndProject
Project("{2150E333-8FDC-42A3-9474-1A3956D46DE8}") = "SDK", "SDK", "{D5C4C86C-E055-4DF5-A403-4A48A38BEA3A}"
EndProject
Project("{2150E333-8FDC-42A3-9474-1A3956D46DE8}") = "src", "src", "{4434ADDA-F46E-4710-B8DF-E3AE0AA0DAA5}"
EndProject
Project("{FAE04EC0-301F-11D3-BF4B-00C04F79EFBC}") = "AyBorg.SDK.Authorization", "src\SDK\src\Authorization\AyBorg.SDK.Authorization.csproj", "{1304316B-C0E5-404E-A283-2F04061EB840}"
EndProject
Project("{FAE04EC0-301F-11D3-BF4B-00C04F79EFBC}") = "AyBorg.SDK.Common", "src\SDK\src\Common\AyBorg.SDK.Common.csproj", "{15E0C475-747B-48F7-8EEB-5F0B19226E86}"
EndProject
Project("{2150E333-8FDC-42A3-9474-1A3956D46DE8}") = "Communication", "Communication", "{2393017D-CB62-4229-856C-B1A528335E09}"
EndProject
Project("{FAE04EC0-301F-11D3-BF4B-00C04F79EFBC}") = "AyBorg.SDK.Communication.MQTT", "src\SDK\src\Communication\MQTT\AyBorg.SDK.Communication.MQTT.csproj", "{20BFB2F9-7250-47CE-92F5-7060EA8D136C}"
EndProject
Project("{2150E333-8FDC-42A3-9474-1A3956D46DE8}") = "Data", "Data", "{772F6EC4-0654-43C4-AB22-375A1AA37014}"
EndProject
Project("{FAE04EC0-301F-11D3-BF4B-00C04F79EFBC}") = "AyBorg.SDK.Data.DTOs", "src\SDK\src\Data\DTOs\AyBorg.SDK.Data.DTOs.csproj", "{53161848-F7D0-4605-ADDB-A4E75F657DAF}"
EndProject
Project("{FAE04EC0-301F-11D3-BF4B-00C04F79EFBC}") = "AyBorg.SDK.Data.DAL", "src\SDK\src\Data\DAL\AyBorg.SDK.Data.DAL.csproj", "{9F283078-36A7-41DE-8EBE-70283D697E3D}"
EndProject
Project("{FAE04EC0-301F-11D3-BF4B-00C04F79EFBC}") = "AyBorg.SDK.Data.Mapper", "src\SDK\src\Data\Mapper\AyBorg.SDK.Data.Mapper.csproj", "{88309ABF-D636-42A5-B507-59CA273C667F}"
EndProject
Project("{FAE04EC0-301F-11D3-BF4B-00C04F79EFBC}") = "AyBorg.SDK.ImageProcessing", "src\SDK\src\ImageProcessing\AyBorg.SDK.ImageProcessing.csproj", "{72D6A594-8176-49F2-991A-DCB4E3DC26CE}"
EndProject
Project("{FAE04EC0-301F-11D3-BF4B-00C04F79EFBC}") = "AyBorg.SDK.Projects", "src\SDK\src\Projects\AyBorg.SDK.Projects.csproj", "{A8A807D8-835D-4D19-8B15-9102580D1832}"
EndProject
Project("{FAE04EC0-301F-11D3-BF4B-00C04F79EFBC}") = "AyBorg.SDK.System", "src\SDK\src\System\AyBorg.SDK.System.csproj", "{34439FE1-4088-4D8B-8521-389DADD66432}"
EndProject
Global
	GlobalSection(SolutionConfigurationPlatforms) = preSolution
		Debug|Any CPU = Debug|Any CPU
		Release|Any CPU = Release|Any CPU
	EndGlobalSection
	GlobalSection(SolutionProperties) = preSolution
		HideSolutionNode = FALSE
	EndGlobalSection
	GlobalSection(ProjectConfigurationPlatforms) = postSolution
		{FF6E85B7-E0A3-438F-BA8D-47C0B88B8C07}.Debug|Any CPU.ActiveCfg = Debug|Any CPU
		{FF6E85B7-E0A3-438F-BA8D-47C0B88B8C07}.Debug|Any CPU.Build.0 = Debug|Any CPU
		{FF6E85B7-E0A3-438F-BA8D-47C0B88B8C07}.Release|Any CPU.ActiveCfg = Release|Any CPU
		{FF6E85B7-E0A3-438F-BA8D-47C0B88B8C07}.Release|Any CPU.Build.0 = Release|Any CPU
		{4D05A562-E1AF-4B45-B35B-492ABF9808D3}.Debug|Any CPU.ActiveCfg = Debug|Any CPU
		{4D05A562-E1AF-4B45-B35B-492ABF9808D3}.Debug|Any CPU.Build.0 = Debug|Any CPU
		{4D05A562-E1AF-4B45-B35B-492ABF9808D3}.Release|Any CPU.ActiveCfg = Release|Any CPU
		{4D05A562-E1AF-4B45-B35B-492ABF9808D3}.Release|Any CPU.Build.0 = Release|Any CPU
		{91BFA49C-70EB-4CE4-BCE0-36D281C9D54D}.Debug|Any CPU.ActiveCfg = Debug|Any CPU
		{91BFA49C-70EB-4CE4-BCE0-36D281C9D54D}.Debug|Any CPU.Build.0 = Debug|Any CPU
		{91BFA49C-70EB-4CE4-BCE0-36D281C9D54D}.Release|Any CPU.ActiveCfg = Release|Any CPU
		{91BFA49C-70EB-4CE4-BCE0-36D281C9D54D}.Release|Any CPU.Build.0 = Release|Any CPU
		{98DAB363-F576-4186-BC51-0CA1C05109B2}.Debug|Any CPU.ActiveCfg = Debug|Any CPU
		{98DAB363-F576-4186-BC51-0CA1C05109B2}.Debug|Any CPU.Build.0 = Debug|Any CPU
		{98DAB363-F576-4186-BC51-0CA1C05109B2}.Release|Any CPU.ActiveCfg = Release|Any CPU
		{98DAB363-F576-4186-BC51-0CA1C05109B2}.Release|Any CPU.Build.0 = Release|Any CPU
		{EAF49714-DC6E-463E-A8F2-1A0BD0DB828F}.Debug|Any CPU.ActiveCfg = Debug|Any CPU
		{EAF49714-DC6E-463E-A8F2-1A0BD0DB828F}.Debug|Any CPU.Build.0 = Debug|Any CPU
		{EAF49714-DC6E-463E-A8F2-1A0BD0DB828F}.Release|Any CPU.ActiveCfg = Release|Any CPU
		{EAF49714-DC6E-463E-A8F2-1A0BD0DB828F}.Release|Any CPU.Build.0 = Release|Any CPU
		{F69C1508-1BD5-4165-B34E-8546D9A3D42E}.Debug|Any CPU.ActiveCfg = Debug|Any CPU
		{F69C1508-1BD5-4165-B34E-8546D9A3D42E}.Debug|Any CPU.Build.0 = Debug|Any CPU
		{F69C1508-1BD5-4165-B34E-8546D9A3D42E}.Release|Any CPU.ActiveCfg = Release|Any CPU
		{F69C1508-1BD5-4165-B34E-8546D9A3D42E}.Release|Any CPU.Build.0 = Release|Any CPU
		{A77939DA-821E-41B6-B6D8-CE3BEB0F68FA}.Debug|Any CPU.ActiveCfg = Debug|Any CPU
		{A77939DA-821E-41B6-B6D8-CE3BEB0F68FA}.Debug|Any CPU.Build.0 = Debug|Any CPU
		{A77939DA-821E-41B6-B6D8-CE3BEB0F68FA}.Release|Any CPU.ActiveCfg = Release|Any CPU
		{A77939DA-821E-41B6-B6D8-CE3BEB0F68FA}.Release|Any CPU.Build.0 = Release|Any CPU
		{1304316B-C0E5-404E-A283-2F04061EB840}.Debug|Any CPU.ActiveCfg = Debug|Any CPU
		{1304316B-C0E5-404E-A283-2F04061EB840}.Debug|Any CPU.Build.0 = Debug|Any CPU
		{1304316B-C0E5-404E-A283-2F04061EB840}.Release|Any CPU.ActiveCfg = Release|Any CPU
		{1304316B-C0E5-404E-A283-2F04061EB840}.Release|Any CPU.Build.0 = Release|Any CPU
		{15E0C475-747B-48F7-8EEB-5F0B19226E86}.Debug|Any CPU.ActiveCfg = Debug|Any CPU
		{15E0C475-747B-48F7-8EEB-5F0B19226E86}.Debug|Any CPU.Build.0 = Debug|Any CPU
		{15E0C475-747B-48F7-8EEB-5F0B19226E86}.Release|Any CPU.ActiveCfg = Release|Any CPU
		{15E0C475-747B-48F7-8EEB-5F0B19226E86}.Release|Any CPU.Build.0 = Release|Any CPU
		{20BFB2F9-7250-47CE-92F5-7060EA8D136C}.Debug|Any CPU.ActiveCfg = Debug|Any CPU
		{20BFB2F9-7250-47CE-92F5-7060EA8D136C}.Debug|Any CPU.Build.0 = Debug|Any CPU
		{20BFB2F9-7250-47CE-92F5-7060EA8D136C}.Release|Any CPU.ActiveCfg = Release|Any CPU
		{20BFB2F9-7250-47CE-92F5-7060EA8D136C}.Release|Any CPU.Build.0 = Release|Any CPU
		{53161848-F7D0-4605-ADDB-A4E75F657DAF}.Debug|Any CPU.ActiveCfg = Debug|Any CPU
		{53161848-F7D0-4605-ADDB-A4E75F657DAF}.Debug|Any CPU.Build.0 = Debug|Any CPU
		{53161848-F7D0-4605-ADDB-A4E75F657DAF}.Release|Any CPU.ActiveCfg = Release|Any CPU
		{53161848-F7D0-4605-ADDB-A4E75F657DAF}.Release|Any CPU.Build.0 = Release|Any CPU
		{9F283078-36A7-41DE-8EBE-70283D697E3D}.Debug|Any CPU.ActiveCfg = Debug|Any CPU
		{9F283078-36A7-41DE-8EBE-70283D697E3D}.Debug|Any CPU.Build.0 = Debug|Any CPU
		{9F283078-36A7-41DE-8EBE-70283D697E3D}.Release|Any CPU.ActiveCfg = Release|Any CPU
		{9F283078-36A7-41DE-8EBE-70283D697E3D}.Release|Any CPU.Build.0 = Release|Any CPU
		{88309ABF-D636-42A5-B507-59CA273C667F}.Debug|Any CPU.ActiveCfg = Debug|Any CPU
		{88309ABF-D636-42A5-B507-59CA273C667F}.Debug|Any CPU.Build.0 = Debug|Any CPU
		{88309ABF-D636-42A5-B507-59CA273C667F}.Release|Any CPU.ActiveCfg = Release|Any CPU
		{88309ABF-D636-42A5-B507-59CA273C667F}.Release|Any CPU.Build.0 = Release|Any CPU
		{72D6A594-8176-49F2-991A-DCB4E3DC26CE}.Debug|Any CPU.ActiveCfg = Debug|Any CPU
		{72D6A594-8176-49F2-991A-DCB4E3DC26CE}.Debug|Any CPU.Build.0 = Debug|Any CPU
		{72D6A594-8176-49F2-991A-DCB4E3DC26CE}.Release|Any CPU.ActiveCfg = Release|Any CPU
		{72D6A594-8176-49F2-991A-DCB4E3DC26CE}.Release|Any CPU.Build.0 = Release|Any CPU
		{A8A807D8-835D-4D19-8B15-9102580D1832}.Debug|Any CPU.ActiveCfg = Debug|Any CPU
		{A8A807D8-835D-4D19-8B15-9102580D1832}.Debug|Any CPU.Build.0 = Debug|Any CPU
		{A8A807D8-835D-4D19-8B15-9102580D1832}.Release|Any CPU.ActiveCfg = Release|Any CPU
		{A8A807D8-835D-4D19-8B15-9102580D1832}.Release|Any CPU.Build.0 = Release|Any CPU
		{34439FE1-4088-4D8B-8521-389DADD66432}.Debug|Any CPU.ActiveCfg = Debug|Any CPU
		{34439FE1-4088-4D8B-8521-389DADD66432}.Debug|Any CPU.Build.0 = Debug|Any CPU
		{34439FE1-4088-4D8B-8521-389DADD66432}.Release|Any CPU.ActiveCfg = Release|Any CPU
		{34439FE1-4088-4D8B-8521-389DADD66432}.Release|Any CPU.Build.0 = Release|Any CPU
	EndGlobalSection
	GlobalSection(NestedProjects) = preSolution
		{FF6E85B7-E0A3-438F-BA8D-47C0B88B8C07} = {9E803E63-67E3-4900-AB55-759E0FB66D20}
		{4D05A562-E1AF-4B45-B35B-492ABF9808D3} = {9E803E63-67E3-4900-AB55-759E0FB66D20}
		{91BFA49C-70EB-4CE4-BCE0-36D281C9D54D} = {9E803E63-67E3-4900-AB55-759E0FB66D20}
		{EAF49714-DC6E-463E-A8F2-1A0BD0DB828F} = {BE2EA3AA-F48A-41BA-8389-5ABA6E934D00}
		{F69C1508-1BD5-4165-B34E-8546D9A3D42E} = {BE2EA3AA-F48A-41BA-8389-5ABA6E934D00}
		{2EB58A8D-7B3D-4310-A101-FB023071CD19} = {9E803E63-67E3-4900-AB55-759E0FB66D20}
		{A77939DA-821E-41B6-B6D8-CE3BEB0F68FA} = {2EB58A8D-7B3D-4310-A101-FB023071CD19}
		{D5C4C86C-E055-4DF5-A403-4A48A38BEA3A} = {9E803E63-67E3-4900-AB55-759E0FB66D20}
		{4434ADDA-F46E-4710-B8DF-E3AE0AA0DAA5} = {D5C4C86C-E055-4DF5-A403-4A48A38BEA3A}
		{1304316B-C0E5-404E-A283-2F04061EB840} = {4434ADDA-F46E-4710-B8DF-E3AE0AA0DAA5}
		{15E0C475-747B-48F7-8EEB-5F0B19226E86} = {4434ADDA-F46E-4710-B8DF-E3AE0AA0DAA5}
		{2393017D-CB62-4229-856C-B1A528335E09} = {4434ADDA-F46E-4710-B8DF-E3AE0AA0DAA5}
		{20BFB2F9-7250-47CE-92F5-7060EA8D136C} = {2393017D-CB62-4229-856C-B1A528335E09}
		{772F6EC4-0654-43C4-AB22-375A1AA37014} = {4434ADDA-F46E-4710-B8DF-E3AE0AA0DAA5}
		{53161848-F7D0-4605-ADDB-A4E75F657DAF} = {772F6EC4-0654-43C4-AB22-375A1AA37014}
		{9F283078-36A7-41DE-8EBE-70283D697E3D} = {772F6EC4-0654-43C4-AB22-375A1AA37014}
		{88309ABF-D636-42A5-B507-59CA273C667F} = {772F6EC4-0654-43C4-AB22-375A1AA37014}
		{72D6A594-8176-49F2-991A-DCB4E3DC26CE} = {4434ADDA-F46E-4710-B8DF-E3AE0AA0DAA5}
		{A8A807D8-835D-4D19-8B15-9102580D1832} = {4434ADDA-F46E-4710-B8DF-E3AE0AA0DAA5}
		{34439FE1-4088-4D8B-8521-389DADD66432} = {4434ADDA-F46E-4710-B8DF-E3AE0AA0DAA5}
	EndGlobalSection
EndGlobal
