
Microsoft Visual Studio Solution File, Format Version 12.00
# Visual Studio Version 17
VisualStudioVersion = 17.0.31903.59
MinimumVisualStudioVersion = 10.0.40219.1
Project("{2150E333-8FDC-42A3-9474-1A3956D46DE8}") = "src", "src", "{6DB9E022-557F-49B0-AC70-A77AFC191AE5}"
EndProject
Project("{FAE04EC0-301F-11D3-BF4B-00C04F79EFBC}") = "AyBorg.Agent", "src\Agent\AyBorg.Agent.csproj", "{4D56A2E5-D7E6-4339-9046-7A1D38872854}"
EndProject
Project("{2150E333-8FDC-42A3-9474-1A3956D46DE8}") = "tests", "tests", "{5E3E7E4F-5FDB-443F-A0D5-3A5813181098}"
EndProject
Project("{FAE04EC0-301F-11D3-BF4B-00C04F79EFBC}") = "AyBorg.Agent.Tests", "tests\Agent\AyBorg.Agent.Tests.csproj", "{EFDE860E-5DBA-4A9A-B1AE-C09B9E33AA63}"
EndProject
Project("{FAE04EC0-301F-11D3-BF4B-00C04F79EFBC}") = "AyBorg.Log", "src\Log\AyBorg.Log.csproj", "{976D4651-C7E9-4E2F-8E07-7ED8AE6C3A3B}"
EndProject
Project("{FAE04EC0-301F-11D3-BF4B-00C04F79EFBC}") = "AyBorg.Log.Tests", "tests\Log\AyBorg.Log.Tests.csproj", "{2E8C733E-0C62-4C8F-A3AF-947125436DBF}"
EndProject
Project("{FAE04EC0-301F-11D3-BF4B-00C04F79EFBC}") = "AyBorg.Gateway", "src\Gateway\AyBorg.Gateway.csproj", "{BB397DF0-5DE0-4C07-B477-3F6DB90B9F20}"
EndProject
Project("{FAE04EC0-301F-11D3-BF4B-00C04F79EFBC}") = "AyBorg.Gateway.Tests", "tests\Gateway\AyBorg.Gateway.Tests.csproj", "{7F317808-8720-465F-852B-05D1D17B0119}"
EndProject
Project("{FAE04EC0-301F-11D3-BF4B-00C04F79EFBC}") = "AyBorg.Web", "src\Web\AyBorg.Web.csproj", "{97810EC7-9A4C-4ECC-AB04-E01300868468}"
EndProject
Project("{FAE04EC0-301F-11D3-BF4B-00C04F79EFBC}") = "AyBorg.Web.Tests", "tests\Web\AyBorg.Web.Tests.csproj", "{1309DA81-9BCC-45DA-9123-0D39BABC17E5}"
EndProject
Project("{2150E333-8FDC-42A3-9474-1A3956D46DE8}") = "Plugins", "Plugins", "{3B4F11B1-107B-40B2-84E9-BDB8A2D8F510}"
EndProject
Project("{FAE04EC0-301F-11D3-BF4B-00C04F79EFBC}") = "AyBorg.Plugins.Base", "src\Plugins\Base\AyBorg.Plugins.Base.csproj", "{7919DD41-4EDA-43E7-AF5B-699BF81E7CE2}"
EndProject
Project("{2150E333-8FDC-42A3-9474-1A3956D46DE8}") = "Plugins", "Plugins", "{D2B37087-7BAE-4E12-B0AF-0F380383C898}"
EndProject
Project("{FAE04EC0-301F-11D3-BF4B-00C04F79EFBC}") = "AyBorg.Plugins.Base.Tests", "tests\Plugins\Base\AyBorg.Plugins.Base.Tests.csproj", "{F566BB24-FF37-4C74-BAFE-2F3E7F613599}"
EndProject
Project("{FAE04EC0-301F-11D3-BF4B-00C04F79EFBC}") = "AyBorg.Plugins.ImageTorque", "src\Plugins\ImageTorque\AyBorg.Plugins.ImageTorque.csproj", "{1EDE5A1B-1549-48C7-8B5B-A8A7A20BBDAA}"
EndProject
Project("{FAE04EC0-301F-11D3-BF4B-00C04F79EFBC}") = "AyBorg.Plugins.ImageTorque.Tests", "tests\Plugins\ImageTorque\AyBorg.Plugins.ImageTorque.Tests.csproj", "{BC6A3657-9CB3-48FC-A891-18637D71B7D6}"
EndProject
Project("{FAE04EC0-301F-11D3-BF4B-00C04F79EFBC}") = "AyBorg.Plugins.MQTT", "src\Plugins\MQTT\AyBorg.Plugins.MQTT.csproj", "{74EC9749-160C-47CF-85E7-DE1ADFBE47F9}"
EndProject
Project("{FAE04EC0-301F-11D3-BF4B-00C04F79EFBC}") = "AyBorg.Plugins.MQTT.Tests", "tests\Plugins\MQTT\AyBorg.Plugins.MQTT.Tests.csproj", "{C60E410B-3324-462C-A4AC-2F5291E6B518}"
EndProject
Project("{FAE04EC0-301F-11D3-BF4B-00C04F79EFBC}") = "AyBorg.Plugins.ZXing", "src\Plugins\ZXing\AyBorg.Plugins.ZXing.csproj", "{D32E6BF8-3281-4324-84E5-3CF74AC6AA93}"
EndProject
Project("{FAE04EC0-301F-11D3-BF4B-00C04F79EFBC}") = "AyBorg.Plugins.ZXing.Tests", "tests\Plugins\ZXing\AyBorg.Plugins.ZXing.Tests.csproj", "{73984E33-886F-4E42-B5F2-71D6F073733D}"
EndProject
Project("{2150E333-8FDC-42A3-9474-1A3956D46DE8}") = "Data", "Data", "{E58C4D23-35C6-46DA-8299-CA9CEE691DB4}"
EndProject
Project("{FAE04EC0-301F-11D3-BF4B-00C04F79EFBC}") = "AyBorg.Data.Agent", "src\Data\Agent\AyBorg.Data.Agent.csproj", "{046AE917-95E9-4F75-A6D8-87FEF66E33E8}"
EndProject
Project("{2150E333-8FDC-42A3-9474-1A3956D46DE8}") = "Data", "Data", "{4F11CB93-CCAE-4B04-A912-5AA128CD6F4E}"
EndProject
Project("{FAE04EC0-301F-11D3-BF4B-00C04F79EFBC}") = "AyBorg.Data.Agent.Tests", "tests\Data\Agent\AyBorg.Data.Agent.Tests.csproj", "{30DB63D2-0951-470C-8A9B-1466D81AD8EC}"
EndProject
Project("{FAE04EC0-301F-11D3-BF4B-00C04F79EFBC}") = "AyBorg.Data.Log", "src\Data\Log\AyBorg.Data.Log.csproj", "{3036EECB-8290-4623-B08C-A8107FB6FE10}"
EndProject
Project("{FAE04EC0-301F-11D3-BF4B-00C04F79EFBC}") = "AyBorg.Data.Gateway", "src\Data\Gateway\AyBorg.Data.Gateway.csproj", "{11AE5311-32F2-4C69-BAF2-9A9D1D8FCDCE}"
EndProject
Project("{FAE04EC0-301F-11D3-BF4B-00C04F79EFBC}") = "AyBorg.Data.Identity", "src\Data\Identity\AyBorg.Data.Identity.csproj", "{57603131-9BD6-4CBE-A276-9CBA8D520765}"
EndProject
Project("{2150E333-8FDC-42A3-9474-1A3956D46DE8}") = "Migrations", "Migrations", "{8F937457-1801-4247-AF8D-673F380C130F}"
EndProject
Project("{2150E333-8FDC-42A3-9474-1A3956D46DE8}") = "Agent", "Agent", "{B498F37F-32E9-4F32-93C6-DC99633D2D5F}"
EndProject
Project("{FAE04EC0-301F-11D3-BF4B-00C04F79EFBC}") = "AyBorg.Data.Agent.Migrations.PostgreSql", "src\Data\Migrations\Agent\PostgreSql\AyBorg.Data.Agent.Migrations.PostgreSql.csproj", "{A3F4BF8C-A185-4020-907B-4F7A455C6B2E}"
EndProject
Project("{FAE04EC0-301F-11D3-BF4B-00C04F79EFBC}") = "AyBorg.Data.Agent.Migrations.SqlLite", "src\Data\Migrations\Agent\SqlLite\AyBorg.Data.Agent.Migrations.SqlLite.csproj", "{7BC0F840-6AF5-481B-9634-9854FA705B5C}"
EndProject
Project("{FAE04EC0-301F-11D3-BF4B-00C04F79EFBC}") = "AyBorg.Data.Mapper", "src\Data\Mapper\AyBorg.Data.Mapper.csproj", "{DD878BFC-23CC-4C56-90F8-AE161B4C5619}"
EndProject
Project("{FAE04EC0-301F-11D3-BF4B-00C04F79EFBC}") = "AyBorg.Data.Mapper.Tests", "tests\Data\Mapper\AyBorg.Data.Mapper.Tests.csproj", "{EDCF319C-B1C0-4776-8A84-A378D4B7FAE5}"
EndProject
Project("{FAE04EC0-301F-11D3-BF4B-00C04F79EFBC}") = "AyBorg.Hub", "src\Hub\AyBorg.Hub.csproj", "{082E0B38-4EFD-4110-A506-58CDCA822D47}"
EndProject
Project("{2150E333-8FDC-42A3-9474-1A3956D46DE8}") = "Shared", "Shared", "{E28AD106-74C6-4539-974C-7048F159EFD7}"
EndProject
Project("{2150E333-8FDC-42A3-9474-1A3956D46DE8}") = "Authorization", "Authorization", "{071E54C5-7218-4856-A837-8E96D705F445}"
EndProject
Project("{2150E333-8FDC-42A3-9474-1A3956D46DE8}") = "AspNet", "AspNet", "{7D9A364C-63CC-4FC1-8AF8-128B20A420DC}"
EndProject
Project("{FAE04EC0-301F-11D3-BF4B-00C04F79EFBC}") = "AyBorg.AspNet", "Shared\AspNet\src\AyBorg.AspNet.csproj", "{F3BDF09A-7C17-43CC-B746-F2E01E612FB5}"
EndProject
Project("{2150E333-8FDC-42A3-9474-1A3956D46DE8}") = "Runtime", "Runtime", "{B21E6752-33AD-476A-9FB1-80CC8A606F39}"
EndProject
Project("{FAE04EC0-301F-11D3-BF4B-00C04F79EFBC}") = "AyBorg.Runtime", "Shared\Runtime\src\AyBorg.Runtime.csproj", "{9D9A4128-7651-442B-A244-2F4BB3AA04F5}"
EndProject
Project("{2150E333-8FDC-42A3-9474-1A3956D46DE8}") = "Communication", "Communication", "{82BAE685-2FE4-45FD-A0CC-1FCADD701689}"
EndProject
Project("{FAE04EC0-301F-11D3-BF4B-00C04F79EFBC}") = "AyBorg.Communication", "Shared\Communication\src\AyBorg.Communication.csproj", "{729EC4ED-2DF6-426E-A9FE-6A2FC09A5B9A}"
EndProject
Project("{2150E333-8FDC-42A3-9474-1A3956D46DE8}") = "Communication.gRPC", "Communication.gRPC", "{ED64F84D-368D-4145-A0E4-E6D9832A3DBF}"
EndProject
Project("{FAE04EC0-301F-11D3-BF4B-00C04F79EFBC}") = "AyBorg.Communication.gRPC", "Shared\Communication.gRPC\src\AyBorg.Communication.gRPC.csproj", "{07844267-C58A-4226-AF49-EBF8DD6A46D1}"
EndProject
Project("{FAE04EC0-301F-11D3-BF4B-00C04F79EFBC}") = "AyBorg.Communication.gRPC.Tests", "Shared\Communication.gRPC\test\AyBorg.Communication.gRPC.Tests.csproj", "{CCFF5A54-DE5C-4648-9E40-20D4013CD00A}"
EndProject
Project("{2150E333-8FDC-42A3-9474-1A3956D46DE8}") = "Communication.MQTT", "Communication.MQTT", "{FA3B24A5-61DE-41D6-8AF5-6354873EB155}"
EndProject
Project("{FAE04EC0-301F-11D3-BF4B-00C04F79EFBC}") = "AyBorg.Communication.MQTT", "Shared\Communication.MQTT\src\AyBorg.Communication.MQTT.csproj", "{F8F8CB98-B960-472D-AF9B-DA5C37C30EFF}"
EndProject
Project("{FAE04EC0-301F-11D3-BF4B-00C04F79EFBC}") = "AyBorg.Authorization", "Shared\Authorization\src\AyBorg.Authorization.csproj", "{936EFB62-1076-4654-AEF5-956B3994989F}"
EndProject
Global
	GlobalSection(SolutionConfigurationPlatforms) = preSolution
		Debug|Any CPU = Debug|Any CPU
		Release|Any CPU = Release|Any CPU
	EndGlobalSection
	GlobalSection(SolutionProperties) = preSolution
		HideSolutionNode = FALSE
	EndGlobalSection
	GlobalSection(ProjectConfigurationPlatforms) = postSolution
		{4D56A2E5-D7E6-4339-9046-7A1D38872854}.Debug|Any CPU.ActiveCfg = Debug|Any CPU
		{4D56A2E5-D7E6-4339-9046-7A1D38872854}.Debug|Any CPU.Build.0 = Debug|Any CPU
		{4D56A2E5-D7E6-4339-9046-7A1D38872854}.Release|Any CPU.ActiveCfg = Release|Any CPU
		{4D56A2E5-D7E6-4339-9046-7A1D38872854}.Release|Any CPU.Build.0 = Release|Any CPU
		{EFDE860E-5DBA-4A9A-B1AE-C09B9E33AA63}.Debug|Any CPU.ActiveCfg = Debug|Any CPU
		{EFDE860E-5DBA-4A9A-B1AE-C09B9E33AA63}.Debug|Any CPU.Build.0 = Debug|Any CPU
		{EFDE860E-5DBA-4A9A-B1AE-C09B9E33AA63}.Release|Any CPU.ActiveCfg = Release|Any CPU
		{EFDE860E-5DBA-4A9A-B1AE-C09B9E33AA63}.Release|Any CPU.Build.0 = Release|Any CPU
		{976D4651-C7E9-4E2F-8E07-7ED8AE6C3A3B}.Debug|Any CPU.ActiveCfg = Debug|Any CPU
		{976D4651-C7E9-4E2F-8E07-7ED8AE6C3A3B}.Debug|Any CPU.Build.0 = Debug|Any CPU
		{976D4651-C7E9-4E2F-8E07-7ED8AE6C3A3B}.Release|Any CPU.ActiveCfg = Release|Any CPU
		{976D4651-C7E9-4E2F-8E07-7ED8AE6C3A3B}.Release|Any CPU.Build.0 = Release|Any CPU
		{2E8C733E-0C62-4C8F-A3AF-947125436DBF}.Debug|Any CPU.ActiveCfg = Debug|Any CPU
		{2E8C733E-0C62-4C8F-A3AF-947125436DBF}.Debug|Any CPU.Build.0 = Debug|Any CPU
		{2E8C733E-0C62-4C8F-A3AF-947125436DBF}.Release|Any CPU.ActiveCfg = Release|Any CPU
		{2E8C733E-0C62-4C8F-A3AF-947125436DBF}.Release|Any CPU.Build.0 = Release|Any CPU
		{BB397DF0-5DE0-4C07-B477-3F6DB90B9F20}.Debug|Any CPU.ActiveCfg = Debug|Any CPU
		{BB397DF0-5DE0-4C07-B477-3F6DB90B9F20}.Debug|Any CPU.Build.0 = Debug|Any CPU
		{BB397DF0-5DE0-4C07-B477-3F6DB90B9F20}.Release|Any CPU.ActiveCfg = Release|Any CPU
		{BB397DF0-5DE0-4C07-B477-3F6DB90B9F20}.Release|Any CPU.Build.0 = Release|Any CPU
		{7F317808-8720-465F-852B-05D1D17B0119}.Debug|Any CPU.ActiveCfg = Debug|Any CPU
		{7F317808-8720-465F-852B-05D1D17B0119}.Debug|Any CPU.Build.0 = Debug|Any CPU
		{7F317808-8720-465F-852B-05D1D17B0119}.Release|Any CPU.ActiveCfg = Release|Any CPU
		{7F317808-8720-465F-852B-05D1D17B0119}.Release|Any CPU.Build.0 = Release|Any CPU
		{97810EC7-9A4C-4ECC-AB04-E01300868468}.Debug|Any CPU.ActiveCfg = Debug|Any CPU
		{97810EC7-9A4C-4ECC-AB04-E01300868468}.Debug|Any CPU.Build.0 = Debug|Any CPU
		{97810EC7-9A4C-4ECC-AB04-E01300868468}.Release|Any CPU.ActiveCfg = Release|Any CPU
		{97810EC7-9A4C-4ECC-AB04-E01300868468}.Release|Any CPU.Build.0 = Release|Any CPU
		{1309DA81-9BCC-45DA-9123-0D39BABC17E5}.Debug|Any CPU.ActiveCfg = Debug|Any CPU
		{1309DA81-9BCC-45DA-9123-0D39BABC17E5}.Debug|Any CPU.Build.0 = Debug|Any CPU
		{1309DA81-9BCC-45DA-9123-0D39BABC17E5}.Release|Any CPU.ActiveCfg = Release|Any CPU
		{1309DA81-9BCC-45DA-9123-0D39BABC17E5}.Release|Any CPU.Build.0 = Release|Any CPU
		{7919DD41-4EDA-43E7-AF5B-699BF81E7CE2}.Debug|Any CPU.ActiveCfg = Debug|Any CPU
		{7919DD41-4EDA-43E7-AF5B-699BF81E7CE2}.Debug|Any CPU.Build.0 = Debug|Any CPU
		{7919DD41-4EDA-43E7-AF5B-699BF81E7CE2}.Release|Any CPU.ActiveCfg = Release|Any CPU
		{7919DD41-4EDA-43E7-AF5B-699BF81E7CE2}.Release|Any CPU.Build.0 = Release|Any CPU
		{F566BB24-FF37-4C74-BAFE-2F3E7F613599}.Debug|Any CPU.ActiveCfg = Debug|Any CPU
		{F566BB24-FF37-4C74-BAFE-2F3E7F613599}.Debug|Any CPU.Build.0 = Debug|Any CPU
		{F566BB24-FF37-4C74-BAFE-2F3E7F613599}.Release|Any CPU.ActiveCfg = Release|Any CPU
		{F566BB24-FF37-4C74-BAFE-2F3E7F613599}.Release|Any CPU.Build.0 = Release|Any CPU
		{1EDE5A1B-1549-48C7-8B5B-A8A7A20BBDAA}.Debug|Any CPU.ActiveCfg = Debug|Any CPU
		{1EDE5A1B-1549-48C7-8B5B-A8A7A20BBDAA}.Debug|Any CPU.Build.0 = Debug|Any CPU
		{1EDE5A1B-1549-48C7-8B5B-A8A7A20BBDAA}.Release|Any CPU.ActiveCfg = Release|Any CPU
		{1EDE5A1B-1549-48C7-8B5B-A8A7A20BBDAA}.Release|Any CPU.Build.0 = Release|Any CPU
		{BC6A3657-9CB3-48FC-A891-18637D71B7D6}.Debug|Any CPU.ActiveCfg = Debug|Any CPU
		{BC6A3657-9CB3-48FC-A891-18637D71B7D6}.Debug|Any CPU.Build.0 = Debug|Any CPU
		{BC6A3657-9CB3-48FC-A891-18637D71B7D6}.Release|Any CPU.ActiveCfg = Release|Any CPU
		{BC6A3657-9CB3-48FC-A891-18637D71B7D6}.Release|Any CPU.Build.0 = Release|Any CPU
		{74EC9749-160C-47CF-85E7-DE1ADFBE47F9}.Debug|Any CPU.ActiveCfg = Debug|Any CPU
		{74EC9749-160C-47CF-85E7-DE1ADFBE47F9}.Debug|Any CPU.Build.0 = Debug|Any CPU
		{74EC9749-160C-47CF-85E7-DE1ADFBE47F9}.Release|Any CPU.ActiveCfg = Release|Any CPU
		{74EC9749-160C-47CF-85E7-DE1ADFBE47F9}.Release|Any CPU.Build.0 = Release|Any CPU
		{C60E410B-3324-462C-A4AC-2F5291E6B518}.Debug|Any CPU.ActiveCfg = Debug|Any CPU
		{C60E410B-3324-462C-A4AC-2F5291E6B518}.Debug|Any CPU.Build.0 = Debug|Any CPU
		{C60E410B-3324-462C-A4AC-2F5291E6B518}.Release|Any CPU.ActiveCfg = Release|Any CPU
		{C60E410B-3324-462C-A4AC-2F5291E6B518}.Release|Any CPU.Build.0 = Release|Any CPU
		{D32E6BF8-3281-4324-84E5-3CF74AC6AA93}.Debug|Any CPU.ActiveCfg = Debug|Any CPU
		{D32E6BF8-3281-4324-84E5-3CF74AC6AA93}.Debug|Any CPU.Build.0 = Debug|Any CPU
		{D32E6BF8-3281-4324-84E5-3CF74AC6AA93}.Release|Any CPU.ActiveCfg = Release|Any CPU
		{D32E6BF8-3281-4324-84E5-3CF74AC6AA93}.Release|Any CPU.Build.0 = Release|Any CPU
		{73984E33-886F-4E42-B5F2-71D6F073733D}.Debug|Any CPU.ActiveCfg = Debug|Any CPU
		{73984E33-886F-4E42-B5F2-71D6F073733D}.Debug|Any CPU.Build.0 = Debug|Any CPU
		{73984E33-886F-4E42-B5F2-71D6F073733D}.Release|Any CPU.ActiveCfg = Release|Any CPU
		{73984E33-886F-4E42-B5F2-71D6F073733D}.Release|Any CPU.Build.0 = Release|Any CPU
		{046AE917-95E9-4F75-A6D8-87FEF66E33E8}.Debug|Any CPU.ActiveCfg = Debug|Any CPU
		{046AE917-95E9-4F75-A6D8-87FEF66E33E8}.Debug|Any CPU.Build.0 = Debug|Any CPU
		{046AE917-95E9-4F75-A6D8-87FEF66E33E8}.Release|Any CPU.ActiveCfg = Release|Any CPU
		{046AE917-95E9-4F75-A6D8-87FEF66E33E8}.Release|Any CPU.Build.0 = Release|Any CPU
		{30DB63D2-0951-470C-8A9B-1466D81AD8EC}.Debug|Any CPU.ActiveCfg = Debug|Any CPU
		{30DB63D2-0951-470C-8A9B-1466D81AD8EC}.Debug|Any CPU.Build.0 = Debug|Any CPU
		{30DB63D2-0951-470C-8A9B-1466D81AD8EC}.Release|Any CPU.ActiveCfg = Release|Any CPU
		{30DB63D2-0951-470C-8A9B-1466D81AD8EC}.Release|Any CPU.Build.0 = Release|Any CPU
		{3036EECB-8290-4623-B08C-A8107FB6FE10}.Debug|Any CPU.ActiveCfg = Debug|Any CPU
		{3036EECB-8290-4623-B08C-A8107FB6FE10}.Debug|Any CPU.Build.0 = Debug|Any CPU
		{3036EECB-8290-4623-B08C-A8107FB6FE10}.Release|Any CPU.ActiveCfg = Release|Any CPU
		{3036EECB-8290-4623-B08C-A8107FB6FE10}.Release|Any CPU.Build.0 = Release|Any CPU
		{11AE5311-32F2-4C69-BAF2-9A9D1D8FCDCE}.Debug|Any CPU.ActiveCfg = Debug|Any CPU
		{11AE5311-32F2-4C69-BAF2-9A9D1D8FCDCE}.Debug|Any CPU.Build.0 = Debug|Any CPU
		{11AE5311-32F2-4C69-BAF2-9A9D1D8FCDCE}.Release|Any CPU.ActiveCfg = Release|Any CPU
		{11AE5311-32F2-4C69-BAF2-9A9D1D8FCDCE}.Release|Any CPU.Build.0 = Release|Any CPU
		{57603131-9BD6-4CBE-A276-9CBA8D520765}.Debug|Any CPU.ActiveCfg = Debug|Any CPU
		{57603131-9BD6-4CBE-A276-9CBA8D520765}.Debug|Any CPU.Build.0 = Debug|Any CPU
		{57603131-9BD6-4CBE-A276-9CBA8D520765}.Release|Any CPU.ActiveCfg = Release|Any CPU
		{57603131-9BD6-4CBE-A276-9CBA8D520765}.Release|Any CPU.Build.0 = Release|Any CPU
		{A3F4BF8C-A185-4020-907B-4F7A455C6B2E}.Debug|Any CPU.ActiveCfg = Debug|Any CPU
		{A3F4BF8C-A185-4020-907B-4F7A455C6B2E}.Debug|Any CPU.Build.0 = Debug|Any CPU
		{A3F4BF8C-A185-4020-907B-4F7A455C6B2E}.Release|Any CPU.ActiveCfg = Release|Any CPU
		{A3F4BF8C-A185-4020-907B-4F7A455C6B2E}.Release|Any CPU.Build.0 = Release|Any CPU
		{7BC0F840-6AF5-481B-9634-9854FA705B5C}.Debug|Any CPU.ActiveCfg = Debug|Any CPU
		{7BC0F840-6AF5-481B-9634-9854FA705B5C}.Debug|Any CPU.Build.0 = Debug|Any CPU
		{7BC0F840-6AF5-481B-9634-9854FA705B5C}.Release|Any CPU.ActiveCfg = Release|Any CPU
		{7BC0F840-6AF5-481B-9634-9854FA705B5C}.Release|Any CPU.Build.0 = Release|Any CPU
		{DD878BFC-23CC-4C56-90F8-AE161B4C5619}.Debug|Any CPU.ActiveCfg = Debug|Any CPU
		{DD878BFC-23CC-4C56-90F8-AE161B4C5619}.Debug|Any CPU.Build.0 = Debug|Any CPU
		{DD878BFC-23CC-4C56-90F8-AE161B4C5619}.Release|Any CPU.ActiveCfg = Release|Any CPU
		{DD878BFC-23CC-4C56-90F8-AE161B4C5619}.Release|Any CPU.Build.0 = Release|Any CPU
		{EDCF319C-B1C0-4776-8A84-A378D4B7FAE5}.Debug|Any CPU.ActiveCfg = Debug|Any CPU
		{EDCF319C-B1C0-4776-8A84-A378D4B7FAE5}.Debug|Any CPU.Build.0 = Debug|Any CPU
		{EDCF319C-B1C0-4776-8A84-A378D4B7FAE5}.Release|Any CPU.ActiveCfg = Release|Any CPU
		{EDCF319C-B1C0-4776-8A84-A378D4B7FAE5}.Release|Any CPU.Build.0 = Release|Any CPU
		{082E0B38-4EFD-4110-A506-58CDCA822D47}.Debug|Any CPU.ActiveCfg = Debug|Any CPU
		{082E0B38-4EFD-4110-A506-58CDCA822D47}.Debug|Any CPU.Build.0 = Debug|Any CPU
		{082E0B38-4EFD-4110-A506-58CDCA822D47}.Release|Any CPU.ActiveCfg = Release|Any CPU
		{082E0B38-4EFD-4110-A506-58CDCA822D47}.Release|Any CPU.Build.0 = Release|Any CPU
		{F3BDF09A-7C17-43CC-B746-F2E01E612FB5}.Debug|Any CPU.ActiveCfg = Debug|Any CPU
		{F3BDF09A-7C17-43CC-B746-F2E01E612FB5}.Debug|Any CPU.Build.0 = Debug|Any CPU
		{F3BDF09A-7C17-43CC-B746-F2E01E612FB5}.Release|Any CPU.ActiveCfg = Release|Any CPU
		{F3BDF09A-7C17-43CC-B746-F2E01E612FB5}.Release|Any CPU.Build.0 = Release|Any CPU
		{FB388910-D6FB-401C-9C65-59C697D64C42}.Debug|Any CPU.ActiveCfg = Debug|Any CPU
		{FB388910-D6FB-401C-9C65-59C697D64C42}.Debug|Any CPU.Build.0 = Debug|Any CPU
		{FB388910-D6FB-401C-9C65-59C697D64C42}.Release|Any CPU.ActiveCfg = Release|Any CPU
		{FB388910-D6FB-401C-9C65-59C697D64C42}.Release|Any CPU.Build.0 = Release|Any CPU
		{9D9A4128-7651-442B-A244-2F4BB3AA04F5}.Debug|Any CPU.ActiveCfg = Debug|Any CPU
		{9D9A4128-7651-442B-A244-2F4BB3AA04F5}.Debug|Any CPU.Build.0 = Debug|Any CPU
		{9D9A4128-7651-442B-A244-2F4BB3AA04F5}.Release|Any CPU.ActiveCfg = Release|Any CPU
		{9D9A4128-7651-442B-A244-2F4BB3AA04F5}.Release|Any CPU.Build.0 = Release|Any CPU
		{729EC4ED-2DF6-426E-A9FE-6A2FC09A5B9A}.Debug|Any CPU.ActiveCfg = Debug|Any CPU
		{729EC4ED-2DF6-426E-A9FE-6A2FC09A5B9A}.Debug|Any CPU.Build.0 = Debug|Any CPU
		{729EC4ED-2DF6-426E-A9FE-6A2FC09A5B9A}.Release|Any CPU.ActiveCfg = Release|Any CPU
		{729EC4ED-2DF6-426E-A9FE-6A2FC09A5B9A}.Release|Any CPU.Build.0 = Release|Any CPU
		{07844267-C58A-4226-AF49-EBF8DD6A46D1}.Debug|Any CPU.ActiveCfg = Debug|Any CPU
		{07844267-C58A-4226-AF49-EBF8DD6A46D1}.Debug|Any CPU.Build.0 = Debug|Any CPU
		{07844267-C58A-4226-AF49-EBF8DD6A46D1}.Release|Any CPU.ActiveCfg = Release|Any CPU
		{07844267-C58A-4226-AF49-EBF8DD6A46D1}.Release|Any CPU.Build.0 = Release|Any CPU
		{CCFF5A54-DE5C-4648-9E40-20D4013CD00A}.Debug|Any CPU.ActiveCfg = Debug|Any CPU
		{CCFF5A54-DE5C-4648-9E40-20D4013CD00A}.Debug|Any CPU.Build.0 = Debug|Any CPU
		{CCFF5A54-DE5C-4648-9E40-20D4013CD00A}.Release|Any CPU.ActiveCfg = Release|Any CPU
		{CCFF5A54-DE5C-4648-9E40-20D4013CD00A}.Release|Any CPU.Build.0 = Release|Any CPU
		{F8F8CB98-B960-472D-AF9B-DA5C37C30EFF}.Debug|Any CPU.ActiveCfg = Debug|Any CPU
		{F8F8CB98-B960-472D-AF9B-DA5C37C30EFF}.Debug|Any CPU.Build.0 = Debug|Any CPU
		{F8F8CB98-B960-472D-AF9B-DA5C37C30EFF}.Release|Any CPU.ActiveCfg = Release|Any CPU
		{F8F8CB98-B960-472D-AF9B-DA5C37C30EFF}.Release|Any CPU.Build.0 = Release|Any CPU
		{936EFB62-1076-4654-AEF5-956B3994989F}.Debug|Any CPU.ActiveCfg = Debug|Any CPU
		{936EFB62-1076-4654-AEF5-956B3994989F}.Debug|Any CPU.Build.0 = Debug|Any CPU
		{936EFB62-1076-4654-AEF5-956B3994989F}.Release|Any CPU.ActiveCfg = Release|Any CPU
		{936EFB62-1076-4654-AEF5-956B3994989F}.Release|Any CPU.Build.0 = Release|Any CPU
	EndGlobalSection
	GlobalSection(NestedProjects) = preSolution
		{4D56A2E5-D7E6-4339-9046-7A1D38872854} = {6DB9E022-557F-49B0-AC70-A77AFC191AE5}
		{EFDE860E-5DBA-4A9A-B1AE-C09B9E33AA63} = {5E3E7E4F-5FDB-443F-A0D5-3A5813181098}
		{976D4651-C7E9-4E2F-8E07-7ED8AE6C3A3B} = {6DB9E022-557F-49B0-AC70-A77AFC191AE5}
		{2E8C733E-0C62-4C8F-A3AF-947125436DBF} = {5E3E7E4F-5FDB-443F-A0D5-3A5813181098}
		{BB397DF0-5DE0-4C07-B477-3F6DB90B9F20} = {6DB9E022-557F-49B0-AC70-A77AFC191AE5}
		{7F317808-8720-465F-852B-05D1D17B0119} = {5E3E7E4F-5FDB-443F-A0D5-3A5813181098}
		{97810EC7-9A4C-4ECC-AB04-E01300868468} = {6DB9E022-557F-49B0-AC70-A77AFC191AE5}
		{1309DA81-9BCC-45DA-9123-0D39BABC17E5} = {5E3E7E4F-5FDB-443F-A0D5-3A5813181098}
		{3B4F11B1-107B-40B2-84E9-BDB8A2D8F510} = {6DB9E022-557F-49B0-AC70-A77AFC191AE5}
		{7919DD41-4EDA-43E7-AF5B-699BF81E7CE2} = {3B4F11B1-107B-40B2-84E9-BDB8A2D8F510}
		{D2B37087-7BAE-4E12-B0AF-0F380383C898} = {5E3E7E4F-5FDB-443F-A0D5-3A5813181098}
		{F566BB24-FF37-4C74-BAFE-2F3E7F613599} = {D2B37087-7BAE-4E12-B0AF-0F380383C898}
		{1EDE5A1B-1549-48C7-8B5B-A8A7A20BBDAA} = {3B4F11B1-107B-40B2-84E9-BDB8A2D8F510}
		{BC6A3657-9CB3-48FC-A891-18637D71B7D6} = {D2B37087-7BAE-4E12-B0AF-0F380383C898}
		{74EC9749-160C-47CF-85E7-DE1ADFBE47F9} = {3B4F11B1-107B-40B2-84E9-BDB8A2D8F510}
		{C60E410B-3324-462C-A4AC-2F5291E6B518} = {D2B37087-7BAE-4E12-B0AF-0F380383C898}
		{D32E6BF8-3281-4324-84E5-3CF74AC6AA93} = {3B4F11B1-107B-40B2-84E9-BDB8A2D8F510}
		{73984E33-886F-4E42-B5F2-71D6F073733D} = {D2B37087-7BAE-4E12-B0AF-0F380383C898}
		{E58C4D23-35C6-46DA-8299-CA9CEE691DB4} = {6DB9E022-557F-49B0-AC70-A77AFC191AE5}
		{046AE917-95E9-4F75-A6D8-87FEF66E33E8} = {E58C4D23-35C6-46DA-8299-CA9CEE691DB4}
		{4F11CB93-CCAE-4B04-A912-5AA128CD6F4E} = {5E3E7E4F-5FDB-443F-A0D5-3A5813181098}
		{30DB63D2-0951-470C-8A9B-1466D81AD8EC} = {4F11CB93-CCAE-4B04-A912-5AA128CD6F4E}
		{3036EECB-8290-4623-B08C-A8107FB6FE10} = {E58C4D23-35C6-46DA-8299-CA9CEE691DB4}
		{11AE5311-32F2-4C69-BAF2-9A9D1D8FCDCE} = {E58C4D23-35C6-46DA-8299-CA9CEE691DB4}
		{57603131-9BD6-4CBE-A276-9CBA8D520765} = {E58C4D23-35C6-46DA-8299-CA9CEE691DB4}
		{8F937457-1801-4247-AF8D-673F380C130F} = {E58C4D23-35C6-46DA-8299-CA9CEE691DB4}
		{B498F37F-32E9-4F32-93C6-DC99633D2D5F} = {8F937457-1801-4247-AF8D-673F380C130F}
		{A3F4BF8C-A185-4020-907B-4F7A455C6B2E} = {B498F37F-32E9-4F32-93C6-DC99633D2D5F}
		{7BC0F840-6AF5-481B-9634-9854FA705B5C} = {B498F37F-32E9-4F32-93C6-DC99633D2D5F}
		{DD878BFC-23CC-4C56-90F8-AE161B4C5619} = {E58C4D23-35C6-46DA-8299-CA9CEE691DB4}
		{EDCF319C-B1C0-4776-8A84-A378D4B7FAE5} = {4F11CB93-CCAE-4B04-A912-5AA128CD6F4E}
		{082E0B38-4EFD-4110-A506-58CDCA822D47} = {6DB9E022-557F-49B0-AC70-A77AFC191AE5}
		{071E54C5-7218-4856-A837-8E96D705F445} = {E28AD106-74C6-4539-974C-7048F159EFD7}
		{7D9A364C-63CC-4FC1-8AF8-128B20A420DC} = {E28AD106-74C6-4539-974C-7048F159EFD7}
		{F3BDF09A-7C17-43CC-B746-F2E01E612FB5} = {7D9A364C-63CC-4FC1-8AF8-128B20A420DC}
		{B21E6752-33AD-476A-9FB1-80CC8A606F39} = {E28AD106-74C6-4539-974C-7048F159EFD7}
		{9D9A4128-7651-442B-A244-2F4BB3AA04F5} = {B21E6752-33AD-476A-9FB1-80CC8A606F39}
		{82BAE685-2FE4-45FD-A0CC-1FCADD701689} = {E28AD106-74C6-4539-974C-7048F159EFD7}
		{729EC4ED-2DF6-426E-A9FE-6A2FC09A5B9A} = {82BAE685-2FE4-45FD-A0CC-1FCADD701689}
		{ED64F84D-368D-4145-A0E4-E6D9832A3DBF} = {E28AD106-74C6-4539-974C-7048F159EFD7}
		{07844267-C58A-4226-AF49-EBF8DD6A46D1} = {ED64F84D-368D-4145-A0E4-E6D9832A3DBF}
		{CCFF5A54-DE5C-4648-9E40-20D4013CD00A} = {ED64F84D-368D-4145-A0E4-E6D9832A3DBF}
		{FA3B24A5-61DE-41D6-8AF5-6354873EB155} = {E28AD106-74C6-4539-974C-7048F159EFD7}
		{F8F8CB98-B960-472D-AF9B-DA5C37C30EFF} = {FA3B24A5-61DE-41D6-8AF5-6354873EB155}
		{936EFB62-1076-4654-AEF5-956B3994989F} = {071E54C5-7218-4856-A837-8E96D705F445}
	EndGlobalSection
EndGlobal
